{
  "pins" : [
    {
      "identity" : "alamofire",
      "kind" : "remoteSourceControl",
      "location" : "https://github.com/Alamofire/Alamofire.git",
      "state" : {
        "revision" : "78424be314842833c04bc3bef5b72e85fff99204",
        "version" : "5.6.4"
      }
    },
    {
      "identity" : "openaiswift",
      "kind" : "remoteSourceControl",
      "location" : "https://github.com/adamrushy/OpenAISwift.git",
      "state" : {
        "branch" : "main",
        "revision" : "cd4a532766b3bca303db070000559dd5ad67a639"
      }
    },
    {
      "identity" : "xmlparsing",
      "kind" : "remoteSourceControl",
      "location" : "https://github.com/MaxDesiatov/XMLParsing",
      "state" : {
        "branch" : "master",
        "revision" : "fe315cfa68c3ad471aa5adae466cf0e4a229af88"
      }
    }
  ],
  "version" : 2
}
