// !$*UTF8*$!
{
	archiveVersion = 1;
	classes = {
	};
	objectVersion = 55;
	objects = {

/* Begin PBXBuildFile section */
		221F113A2972E710007C507F /* ReadingStorageManager.swift in Sources */ = {isa = PBXBuildFile; fileRef = 221F11392972E710007C507F /* ReadingStorageManager.swift */; };
		221F113D2972E84F007C507F /* AppContainer.xcdatamodeld in Sources */ = {isa = PBXBuildFile; fileRef = 221F113B2972E84F007C507F /* AppContainer.xcdatamodeld */; };
		224282DB2969AC2B00E636DD /* XMLParsing in Frameworks */ = {isa = PBXBuildFile; productRef = 224282DA2969AC2B00E636DD /* XMLParsing */; };
		224282DF2969AD6300E636DD /* OpenAISwift in Frameworks */ = {isa = PBXBuildFile; productRef = 224282DE2969AD6300E636DD /* OpenAISwift */; };
		224282E32969DAA200E636DD /* Alamofire in Frameworks */ = {isa = PBXBuildFile; productRef = 224282E22969DAA200E636DD /* Alamofire */; };
		224282E5296A743A00E636DD /* PaperDecoder.swift in Sources */ = {isa = PBXBuildFile; fileRef = 224282E4296A743A00E636DD /* PaperDecoder.swift */; };
		224282E7296A768B00E636DD /* GrobidDecodedPaper.swift in Sources */ = {isa = PBXBuildFile; fileRef = 224282E6296A768B00E636DD /* GrobidDecodedPaper.swift */; };
		224282E9296A93E300E636DD /* SimpleTextView.swift in Sources */ = {isa = PBXBuildFile; fileRef = 224282E8296A93E300E636DD /* SimpleTextView.swift */; };
		224282EB296B345E00E636DD /* DecodedPaperStorageManager.swift in Sources */ = {isa = PBXBuildFile; fileRef = 224282EA296B345E00E636DD /* DecodedPaperStorageManager.swift */; };
		224282ED296C22E400E636DD /* AudioControlView.swift in Sources */ = {isa = PBXBuildFile; fileRef = 224282EC296C22E400E636DD /* AudioControlView.swift */; };
		224AE08C298F132900F3EA17 /* Wrappers.swift in Sources */ = {isa = PBXBuildFile; fileRef = 224AE08B298F132900F3EA17 /* Wrappers.swift */; };
		224AE0932991F33400F3EA17 /* RAISummary.swift in Sources */ = {isa = PBXBuildFile; fileRef = 224AE0922991F33400F3EA17 /* RAISummary.swift */; };
		224AE09529926E7200F3EA17 /* RAISummaryView.swift in Sources */ = {isa = PBXBuildFile; fileRef = 224AE09429926E7200F3EA17 /* RAISummaryView.swift */; };
		224AE0972992A39700F3EA17 /* RAIPaperDatabase.swift in Sources */ = {isa = PBXBuildFile; fileRef = 224AE0962992A39700F3EA17 /* RAIPaperDatabase.swift */; };
		2256FA1E295D057000049F51 /* ResearchPaperView.swift in Sources */ = {isa = PBXBuildFile; fileRef = 2256FA1D295D057000049F51 /* ResearchPaperView.swift */; };
		2256FA20295DDA5200049F51 /* PDFView.swift in Sources */ = {isa = PBXBuildFile; fileRef = 2256FA1F295DDA5200049F51 /* PDFView.swift */; };
		2256FA22295DDD0500049F51 /* LinksView.swift in Sources */ = {isa = PBXBuildFile; fileRef = 2256FA21295DDD0500049F51 /* LinksView.swift */; };
		2256FA24295E17B200049F51 /* SimplificationView.swift in Sources */ = {isa = PBXBuildFile; fileRef = 2256FA23295E17B200049F51 /* SimplificationView.swift */; };
		2256FA26295F26A200049F51 /* StorageManager.swift in Sources */ = {isa = PBXBuildFile; fileRef = 2256FA25295F26A200049F51 /* StorageManager.swift */; };
		2256FA28295F61AA00049F51 /* SavedPapersListView.swift in Sources */ = {isa = PBXBuildFile; fileRef = 2256FA27295F61AA00049F51 /* SavedPapersListView.swift */; };
		2256FA31295F705400049F51 /* AnswersGPT.swift in Sources */ = {isa = PBXBuildFile; fileRef = 2256FA2A295F705400049F51 /* AnswersGPT.swift */; };
		2256FA32295F705400049F51 /* MessageBubble.swift in Sources */ = {isa = PBXBuildFile; fileRef = 2256FA2B295F705400049F51 /* MessageBubble.swift */; };
		2256FA33295F705400049F51 /* TranscriptionDataService.swift in Sources */ = {isa = PBXBuildFile; fileRef = 2256FA2C295F705400049F51 /* TranscriptionDataService.swift */; };
		2256FA34295F705400049F51 /* Recognizer.swift in Sources */ = {isa = PBXBuildFile; fileRef = 2256FA2D295F705400049F51 /* Recognizer.swift */; };
		2256FA35295F705400049F51 /* SpeakerButton.swift in Sources */ = {isa = PBXBuildFile; fileRef = 2256FA2E295F705400049F51 /* SpeakerButton.swift */; };
		2256FA36295F705400049F51 /* Speaker.swift in Sources */ = {isa = PBXBuildFile; fileRef = 2256FA2F295F705400049F51 /* Speaker.swift */; };
		22B566BC298B57DB00332804 /* ParsedPaper.swift in Sources */ = {isa = PBXBuildFile; fileRef = 22B566BB298B57DB00332804 /* ParsedPaper.swift */; };
		22B566BE298B5B5100332804 /* AppState.swift in Sources */ = {isa = PBXBuildFile; fileRef = 22B566BD298B5B5100332804 /* AppState.swift */; };
		22BADD532972F1F800F6163B /* Paper.swift in Sources */ = {isa = PBXBuildFile; fileRef = 22BADD522972F1F800F6163B /* Paper.swift */; };
		22BADD5929741CAE00F6163B /* SavedPaperPDFView.swift in Sources */ = {isa = PBXBuildFile; fileRef = 22BADD5829741CAE00F6163B /* SavedPaperPDFView.swift */; };
		22BADD5B29741E3800F6163B /* ResearchPaperPDFView.swift in Sources */ = {isa = PBXBuildFile; fileRef = 22BADD5A29741E3800F6163B /* ResearchPaperPDFView.swift */; };
		22BADD612974429600F6163B /* PDFStorageManager.swift in Sources */ = {isa = PBXBuildFile; fileRef = 22BADD602974429600F6163B /* PDFStorageManager.swift */; };
		22BADD642974583200F6163B /* URLModel.swift in Sources */ = {isa = PBXBuildFile; fileRef = 22BADD632974583200F6163B /* URLModel.swift */; };
		22BADD6629748B7E00F6163B /* Constants.swift in Sources */ = {isa = PBXBuildFile; fileRef = 22BADD6529748B7E00F6163B /* Constants.swift */; };
		22C2D9AA296FAB010010CBF7 /* SpeechService.swift in Sources */ = {isa = PBXBuildFile; fileRef = 22C2D9A9296FAB010010CBF7 /* SpeechService.swift */; };
		22D2FA37295CB06400D670D0 /* ResearchAIApp.swift in Sources */ = {isa = PBXBuildFile; fileRef = 22D2FA36295CB06400D670D0 /* ResearchAIApp.swift */; };
		22D2FA39295CB06400D670D0 /* ResearchPaperListView.swift in Sources */ = {isa = PBXBuildFile; fileRef = 22D2FA38295CB06400D670D0 /* ResearchPaperListView.swift */; };
		22D2FA3B295CB06400D670D0 /* Assets.xcassets in Resources */ = {isa = PBXBuildFile; fileRef = 22D2FA3A295CB06400D670D0 /* Assets.xcassets */; };
		22D2FA3E295CB06400D670D0 /* Preview Assets.xcassets in Resources */ = {isa = PBXBuildFile; fileRef = 22D2FA3D295CB06400D670D0 /* Preview Assets.xcassets */; };
		22D2FA45295CE90A00D670D0 /* ArxivResearchPaperDetail.swift in Sources */ = {isa = PBXBuildFile; fileRef = 22D2FA44295CE90A00D670D0 /* ArxivResearchPaperDetail.swift */; };
		22D2FA47295CE93500D670D0 /* PaperSearchServicer.swift in Sources */ = {isa = PBXBuildFile; fileRef = 22D2FA46295CE93500D670D0 /* PaperSearchServicer.swift */; };
		22D2FA49295CE95100D670D0 /* ArxivResearchPaperEntry.swift in Sources */ = {isa = PBXBuildFile; fileRef = 22D2FA48295CE95100D670D0 /* ArxivResearchPaperEntry.swift */; };
		22D2FA4F295CF8A600D670D0 /* OpenAIServicer.swift in Sources */ = {isa = PBXBuildFile; fileRef = 22D2FA4E295CF8A600D670D0 /* OpenAIServicer.swift */; };
/* End PBXBuildFile section */

/* Begin PBXFileReference section */
		221F11392972E710007C507F /* ReadingStorageManager.swift */ = {isa = PBXFileReference; lastKnownFileType = sourcecode.swift; path = ReadingStorageManager.swift; sourceTree = "<group>"; };
		221F113C2972E84F007C507F /* AppContainer.xcdatamodel */ = {isa = PBXFileReference; lastKnownFileType = wrapper.xcdatamodel; path = AppContainer.xcdatamodel; sourceTree = "<group>"; };
		224282E02969D4B100E636DD /* Info.plist */ = {isa = PBXFileReference; lastKnownFileType = text.plist; path = Info.plist; sourceTree = "<group>"; };
		224282E4296A743A00E636DD /* PaperDecoder.swift */ = {isa = PBXFileReference; lastKnownFileType = sourcecode.swift; path = PaperDecoder.swift; sourceTree = "<group>"; };
		224282E6296A768B00E636DD /* GrobidDecodedPaper.swift */ = {isa = PBXFileReference; lastKnownFileType = sourcecode.swift; path = GrobidDecodedPaper.swift; sourceTree = "<group>"; };
		224282E8296A93E300E636DD /* SimpleTextView.swift */ = {isa = PBXFileReference; lastKnownFileType = sourcecode.swift; path = SimpleTextView.swift; sourceTree = "<group>"; };
		224282EA296B345E00E636DD /* DecodedPaperStorageManager.swift */ = {isa = PBXFileReference; lastKnownFileType = sourcecode.swift; path = DecodedPaperStorageManager.swift; sourceTree = "<group>"; };
		224282EC296C22E400E636DD /* AudioControlView.swift */ = {isa = PBXFileReference; lastKnownFileType = sourcecode.swift; path = AudioControlView.swift; sourceTree = "<group>"; };
		224AE08B298F132900F3EA17 /* Wrappers.swift */ = {isa = PBXFileReference; lastKnownFileType = sourcecode.swift; path = Wrappers.swift; sourceTree = "<group>"; };
		224AE0922991F33400F3EA17 /* RAISummary.swift */ = {isa = PBXFileReference; lastKnownFileType = sourcecode.swift; path = RAISummary.swift; sourceTree = "<group>"; };
		224AE09429926E7200F3EA17 /* RAISummaryView.swift */ = {isa = PBXFileReference; lastKnownFileType = sourcecode.swift; path = RAISummaryView.swift; sourceTree = "<group>"; };
		224AE0962992A39700F3EA17 /* RAIPaperDatabase.swift */ = {isa = PBXFileReference; lastKnownFileType = sourcecode.swift; path = RAIPaperDatabase.swift; sourceTree = "<group>"; };
		2256FA1D295D057000049F51 /* ResearchPaperView.swift */ = {isa = PBXFileReference; lastKnownFileType = sourcecode.swift; path = ResearchPaperView.swift; sourceTree = "<group>"; };
		2256FA1F295DDA5200049F51 /* PDFView.swift */ = {isa = PBXFileReference; lastKnownFileType = sourcecode.swift; path = PDFView.swift; sourceTree = "<group>"; };
		2256FA21295DDD0500049F51 /* LinksView.swift */ = {isa = PBXFileReference; lastKnownFileType = sourcecode.swift; path = LinksView.swift; sourceTree = "<group>"; };
		2256FA23295E17B200049F51 /* SimplificationView.swift */ = {isa = PBXFileReference; lastKnownFileType = sourcecode.swift; path = SimplificationView.swift; sourceTree = "<group>"; };
		2256FA25295F26A200049F51 /* StorageManager.swift */ = {isa = PBXFileReference; lastKnownFileType = sourcecode.swift; path = StorageManager.swift; sourceTree = "<group>"; };
		2256FA27295F61AA00049F51 /* SavedPapersListView.swift */ = {isa = PBXFileReference; lastKnownFileType = sourcecode.swift; path = SavedPapersListView.swift; sourceTree = "<group>"; };
		2256FA2A295F705400049F51 /* AnswersGPT.swift */ = {isa = PBXFileReference; fileEncoding = 4; lastKnownFileType = sourcecode.swift; path = AnswersGPT.swift; sourceTree = "<group>"; };
		2256FA2B295F705400049F51 /* MessageBubble.swift */ = {isa = PBXFileReference; fileEncoding = 4; lastKnownFileType = sourcecode.swift; path = MessageBubble.swift; sourceTree = "<group>"; };
		2256FA2C295F705400049F51 /* TranscriptionDataService.swift */ = {isa = PBXFileReference; fileEncoding = 4; lastKnownFileType = sourcecode.swift; path = TranscriptionDataService.swift; sourceTree = "<group>"; };
		2256FA2D295F705400049F51 /* Recognizer.swift */ = {isa = PBXFileReference; fileEncoding = 4; lastKnownFileType = sourcecode.swift; path = Recognizer.swift; sourceTree = "<group>"; };
		2256FA2E295F705400049F51 /* SpeakerButton.swift */ = {isa = PBXFileReference; fileEncoding = 4; lastKnownFileType = sourcecode.swift; path = SpeakerButton.swift; sourceTree = "<group>"; };
		2256FA2F295F705400049F51 /* Speaker.swift */ = {isa = PBXFileReference; fileEncoding = 4; lastKnownFileType = sourcecode.swift; path = Speaker.swift; sourceTree = "<group>"; };
		22B566BB298B57DB00332804 /* ParsedPaper.swift */ = {isa = PBXFileReference; lastKnownFileType = sourcecode.swift; path = ParsedPaper.swift; sourceTree = "<group>"; };
		22B566BD298B5B5100332804 /* AppState.swift */ = {isa = PBXFileReference; lastKnownFileType = sourcecode.swift; path = AppState.swift; sourceTree = "<group>"; };
		22BADD522972F1F800F6163B /* Paper.swift */ = {isa = PBXFileReference; lastKnownFileType = sourcecode.swift; path = Paper.swift; sourceTree = "<group>"; };
		22BADD5829741CAE00F6163B /* SavedPaperPDFView.swift */ = {isa = PBXFileReference; lastKnownFileType = sourcecode.swift; path = SavedPaperPDFView.swift; sourceTree = "<group>"; };
		22BADD5A29741E3800F6163B /* ResearchPaperPDFView.swift */ = {isa = PBXFileReference; lastKnownFileType = sourcecode.swift; path = ResearchPaperPDFView.swift; sourceTree = "<group>"; };
		22BADD602974429600F6163B /* PDFStorageManager.swift */ = {isa = PBXFileReference; lastKnownFileType = sourcecode.swift; path = PDFStorageManager.swift; sourceTree = "<group>"; };
		22BADD632974583200F6163B /* URLModel.swift */ = {isa = PBXFileReference; lastKnownFileType = sourcecode.swift; path = URLModel.swift; sourceTree = "<group>"; };
		22BADD6529748B7E00F6163B /* Constants.swift */ = {isa = PBXFileReference; lastKnownFileType = sourcecode.swift; path = Constants.swift; sourceTree = "<group>"; };
		22C2D9A9296FAB010010CBF7 /* SpeechService.swift */ = {isa = PBXFileReference; lastKnownFileType = sourcecode.swift; path = SpeechService.swift; sourceTree = "<group>"; };
		22D2FA33295CB06400D670D0 /* ResearchAI.app */ = {isa = PBXFileReference; explicitFileType = wrapper.application; includeInIndex = 0; path = ResearchAI.app; sourceTree = BUILT_PRODUCTS_DIR; };
		22D2FA36295CB06400D670D0 /* ResearchAIApp.swift */ = {isa = PBXFileReference; lastKnownFileType = sourcecode.swift; path = ResearchAIApp.swift; sourceTree = "<group>"; };
		22D2FA38295CB06400D670D0 /* ResearchPaperListView.swift */ = {isa = PBXFileReference; lastKnownFileType = sourcecode.swift; path = ResearchPaperListView.swift; sourceTree = "<group>"; };
		22D2FA3A295CB06400D670D0 /* Assets.xcassets */ = {isa = PBXFileReference; lastKnownFileType = folder.assetcatalog; path = Assets.xcassets; sourceTree = "<group>"; };
		22D2FA3D295CB06400D670D0 /* Preview Assets.xcassets */ = {isa = PBXFileReference; lastKnownFileType = folder.assetcatalog; path = "Preview Assets.xcassets"; sourceTree = "<group>"; };
		22D2FA44295CE90A00D670D0 /* ArxivResearchPaperDetail.swift */ = {isa = PBXFileReference; lastKnownFileType = sourcecode.swift; path = ArxivResearchPaperDetail.swift; sourceTree = "<group>"; };
		22D2FA46295CE93500D670D0 /* PaperSearchServicer.swift */ = {isa = PBXFileReference; lastKnownFileType = sourcecode.swift; path = PaperSearchServicer.swift; sourceTree = "<group>"; };
		22D2FA48295CE95100D670D0 /* ArxivResearchPaperEntry.swift */ = {isa = PBXFileReference; lastKnownFileType = sourcecode.swift; path = ArxivResearchPaperEntry.swift; sourceTree = "<group>"; };
		22D2FA4E295CF8A600D670D0 /* OpenAIServicer.swift */ = {isa = PBXFileReference; lastKnownFileType = sourcecode.swift; path = OpenAIServicer.swift; sourceTree = "<group>"; };
/* End PBXFileReference section */

/* Begin PBXFrameworksBuildPhase section */
		22D2FA30295CB06300D670D0 /* Frameworks */ = {
			isa = PBXFrameworksBuildPhase;
			buildActionMask = 2147483647;
			files = (
				224282E32969DAA200E636DD /* Alamofire in Frameworks */,
				224282DF2969AD6300E636DD /* OpenAISwift in Frameworks */,
				224282DB2969AC2B00E636DD /* XMLParsing in Frameworks */,
			);
			runOnlyForDeploymentPostprocessing = 0;
		};
/* End PBXFrameworksBuildPhase section */

/* Begin PBXGroup section */
		221F11382972E6EC007C507F /* Storage */ = {
			isa = PBXGroup;
			children = (
				2256FA25295F26A200049F51 /* StorageManager.swift */,
				22BADD622974480900F6163B /* Components */,
				221F113B2972E84F007C507F /* AppContainer.xcdatamodeld */,
			);
			path = Storage;
			sourceTree = "<group>";
		};
		2256FA29295F6FB600049F51 /* ChatAI */ = {
			isa = PBXGroup;
			children = (
				2256FA2A295F705400049F51 /* AnswersGPT.swift */,
				2256FA2B295F705400049F51 /* MessageBubble.swift */,
				2256FA2D295F705400049F51 /* Recognizer.swift */,
				2256FA2F295F705400049F51 /* Speaker.swift */,
				2256FA2E295F705400049F51 /* SpeakerButton.swift */,
				2256FA2C295F705400049F51 /* TranscriptionDataService.swift */,
			);
			path = ChatAI;
			sourceTree = "<group>";
		};
		22BADD54297418B700F6163B /* Research Paper List */ = {
			isa = PBXGroup;
			children = (
				22D2FA46295CE93500D670D0 /* PaperSearchServicer.swift */,
				22D2FA38295CB06400D670D0 /* ResearchPaperListView.swift */,
			);
			path = "Research Paper List";
			sourceTree = "<group>";
		};
		22BADD5529741A5600F6163B /* Saved Paper List */ = {
			isa = PBXGroup;
			children = (
				2256FA27295F61AA00049F51 /* SavedPapersListView.swift */,
			);
			path = "Saved Paper List";
			sourceTree = "<group>";
		};
		22BADD5C29741E9200F6163B /* PDFViewers */ = {
			isa = PBXGroup;
			children = (
				2256FA1F295DDA5200049F51 /* PDFView.swift */,
				22BADD5A29741E3800F6163B /* ResearchPaperPDFView.swift */,
				22BADD5829741CAE00F6163B /* SavedPaperPDFView.swift */,
			);
			path = PDFViewers;
			sourceTree = "<group>";
		};
		22BADD5D29741EC300F6163B /* Paper Detail Viewer */ = {
			isa = PBXGroup;
			children = (
				2256FA21295DDD0500049F51 /* LinksView.swift */,
				2256FA1D295D057000049F51 /* ResearchPaperView.swift */,
				224AE09429926E7200F3EA17 /* RAISummaryView.swift */,
			);
			path = "Paper Detail Viewer";
			sourceTree = "<group>";
		};
		22BADD5E29741FF500F6163B /* Control Views */ = {
			isa = PBXGroup;
			children = (
				224282EC296C22E400E636DD /* AudioControlView.swift */,
			);
			path = "Control Views";
			sourceTree = "<group>";
		};
		22BADD5F2974201F00F6163B /* Simplifications */ = {
			isa = PBXGroup;
			children = (
				224282E8296A93E300E636DD /* SimpleTextView.swift */,
				2256FA23295E17B200049F51 /* SimplificationView.swift */,
			);
			path = Simplifications;
			sourceTree = "<group>";
		};
		22BADD622974480900F6163B /* Components */ = {
			isa = PBXGroup;
			children = (
				224282EA296B345E00E636DD /* DecodedPaperStorageManager.swift */,
				221F11392972E710007C507F /* ReadingStorageManager.swift */,
				22BADD602974429600F6163B /* PDFStorageManager.swift */,
			);
			path = Components;
			sourceTree = "<group>";
		};
		22BADD672975DF2D00F6163B /* APIs */ = {
			isa = PBXGroup;
			children = (
				22C2D9A9296FAB010010CBF7 /* SpeechService.swift */,
				22D2FA4E295CF8A600D670D0 /* OpenAIServicer.swift */,
			);
			path = APIs;
			sourceTree = "<group>";
		};
		22C2D9AB2970FA350010CBF7 /* Models */ = {
			isa = PBXGroup;
			children = (
				224AE0962992A39700F3EA17 /* RAIPaperDatabase.swift */,
				22BADD6529748B7E00F6163B /* Constants.swift */,
				224AE08B298F132900F3EA17 /* Wrappers.swift */,
				22BADD632974583200F6163B /* URLModel.swift */,
				22D2FA48295CE95100D670D0 /* ArxivResearchPaperEntry.swift */,
				224AE0922991F33400F3EA17 /* RAISummary.swift */,
				22D2FA44295CE90A00D670D0 /* ArxivResearchPaperDetail.swift */,
				224282E6296A768B00E636DD /* GrobidDecodedPaper.swift */,
				22B566BB298B57DB00332804 /* ParsedPaper.swift */,
				22BADD522972F1F800F6163B /* Paper.swift */,
			);
			path = Models;
			sourceTree = "<group>";
		};
		22C2D9AC2970FA700010CBF7 /* Servicers */ = {
			isa = PBXGroup;
			children = (
				22BADD672975DF2D00F6163B /* APIs */,
				221F11382972E6EC007C507F /* Storage */,
			);
			path = Servicers;
			sourceTree = "<group>";
		};
		22C2D9AD2970FAD00010CBF7 /* Views */ = {
			isa = PBXGroup;
			children = (
				22C2D9AF2970FB0E0010CBF7 /* Detail Views */,
				22C2D9AE2970FAFA0010CBF7 /* Lists */,
			);
			path = Views;
			sourceTree = "<group>";
		};
		22C2D9AE2970FAFA0010CBF7 /* Lists */ = {
			isa = PBXGroup;
			children = (
				22BADD54297418B700F6163B /* Research Paper List */,
				22BADD5529741A5600F6163B /* Saved Paper List */,
			);
			path = Lists;
			sourceTree = "<group>";
		};
		22C2D9AF2970FB0E0010CBF7 /* Detail Views */ = {
			isa = PBXGroup;
			children = (
				22BADD5F2974201F00F6163B /* Simplifications */,
				22BADD5D29741EC300F6163B /* Paper Detail Viewer */,
				22BADD5C29741E9200F6163B /* PDFViewers */,
				22BADD5E29741FF500F6163B /* Control Views */,
			);
			path = "Detail Views";
			sourceTree = "<group>";
		};
		22C2D9B02970FB2F0010CBF7 /* Decoder */ = {
			isa = PBXGroup;
			children = (
				224282E4296A743A00E636DD /* PaperDecoder.swift */,
			);
			path = Decoder;
			sourceTree = "<group>";
		};
		22D2FA2A295CB06300D670D0 = {
			isa = PBXGroup;
			children = (
				22D2FA35295CB06400D670D0 /* ResearchAI */,
				22D2FA34295CB06400D670D0 /* Products */,
			);
			sourceTree = "<group>";
		};
		22D2FA34295CB06400D670D0 /* Products */ = {
			isa = PBXGroup;
			children = (
				22D2FA33295CB06400D670D0 /* ResearchAI.app */,
			);
			name = Products;
			sourceTree = "<group>";
		};
		22D2FA35295CB06400D670D0 /* ResearchAI */ = {
			isa = PBXGroup;
			children = (
				22B566BD298B5B5100332804 /* AppState.swift */,
				22D2FA36295CB06400D670D0 /* ResearchAIApp.swift */,
				22C2D9AD2970FAD00010CBF7 /* Views */,
				22C2D9AC2970FA700010CBF7 /* Servicers */,
				22C2D9B02970FB2F0010CBF7 /* Decoder */,
				22C2D9AB2970FA350010CBF7 /* Models */,
				224282E02969D4B100E636DD /* Info.plist */,
				2256FA29295F6FB600049F51 /* ChatAI */,
				22D2FA3A295CB06400D670D0 /* Assets.xcassets */,
				22D2FA3C295CB06400D670D0 /* Preview Content */,
			);
			path = ResearchAI;
			sourceTree = "<group>";
		};
		22D2FA3C295CB06400D670D0 /* Preview Content */ = {
			isa = PBXGroup;
			children = (
				22D2FA3D295CB06400D670D0 /* Preview Assets.xcassets */,
			);
			path = "Preview Content";
			sourceTree = "<group>";
		};
/* End PBXGroup section */

/* Begin PBXNativeTarget section */
		22D2FA32295CB06300D670D0 /* ResearchAI */ = {
			isa = PBXNativeTarget;
			buildConfigurationList = 22D2FA41295CB06400D670D0 /* Build configuration list for PBXNativeTarget "ResearchAI" */;
			buildPhases = (
				22D2FA2F295CB06300D670D0 /* Sources */,
				22D2FA30295CB06300D670D0 /* Frameworks */,
				22D2FA31295CB06300D670D0 /* Resources */,
			);
			buildRules = (
			);
			dependencies = (
			);
			name = ResearchAI;
			packageProductDependencies = (
				224282DA2969AC2B00E636DD /* XMLParsing */,
				224282DE2969AD6300E636DD /* OpenAISwift */,
				224282E22969DAA200E636DD /* Alamofire */,
			);
			productName = ResearchAI;
			productReference = 22D2FA33295CB06400D670D0 /* ResearchAI.app */;
			productType = "com.apple.product-type.application";
		};
/* End PBXNativeTarget section */

/* Begin PBXProject section */
		22D2FA2B295CB06300D670D0 /* Project object */ = {
			isa = PBXProject;
			attributes = {
				BuildIndependentTargetsInParallel = 1;
				LastSwiftUpdateCheck = 1340;
				LastUpgradeCheck = 1340;
				TargetAttributes = {
					22D2FA32295CB06300D670D0 = {
						CreatedOnToolsVersion = 13.4.1;
					};
				};
			};
			buildConfigurationList = 22D2FA2E295CB06300D670D0 /* Build configuration list for PBXProject "ResearchAI" */;
			compatibilityVersion = "Xcode 13.0";
			developmentRegion = en;
			hasScannedForEncodings = 0;
			knownRegions = (
				en,
				Base,
			);
			mainGroup = 22D2FA2A295CB06300D670D0;
			packageReferences = (
				224282D92969AC2B00E636DD /* XCRemoteSwiftPackageReference "XMLParsing" */,
				224282DD2969AD6300E636DD /* XCRemoteSwiftPackageReference "OpenAISwift" */,
				224282E12969DAA200E636DD /* XCRemoteSwiftPackageReference "Alamofire" */,
			);
			productRefGroup = 22D2FA34295CB06400D670D0 /* Products */;
			projectDirPath = "";
			projectRoot = "";
			targets = (
				22D2FA32295CB06300D670D0 /* ResearchAI */,
			);
		};
/* End PBXProject section */

/* Begin PBXResourcesBuildPhase section */
		22D2FA31295CB06300D670D0 /* Resources */ = {
			isa = PBXResourcesBuildPhase;
			buildActionMask = 2147483647;
			files = (
				22D2FA3E295CB06400D670D0 /* Preview Assets.xcassets in Resources */,
				22D2FA3B295CB06400D670D0 /* Assets.xcassets in Resources */,
			);
			runOnlyForDeploymentPostprocessing = 0;
		};
/* End PBXResourcesBuildPhase section */

/* Begin PBXSourcesBuildPhase section */
		22D2FA2F295CB06300D670D0 /* Sources */ = {
			isa = PBXSourcesBuildPhase;
			buildActionMask = 2147483647;
			files = (
				22D2FA4F295CF8A600D670D0 /* OpenAIServicer.swift in Sources */,
				22D2FA45295CE90A00D670D0 /* ArxivResearchPaperDetail.swift in Sources */,
				2256FA31295F705400049F51 /* AnswersGPT.swift in Sources */,
				2256FA34295F705400049F51 /* Recognizer.swift in Sources */,
				2256FA32295F705400049F51 /* MessageBubble.swift in Sources */,
				22BADD642974583200F6163B /* URLModel.swift in Sources */,
				2256FA26295F26A200049F51 /* StorageManager.swift in Sources */,
				22BADD6629748B7E00F6163B /* Constants.swift in Sources */,
				224AE0972992A39700F3EA17 /* RAIPaperDatabase.swift in Sources */,
				221F113A2972E710007C507F /* ReadingStorageManager.swift in Sources */,
				221F113D2972E84F007C507F /* AppContainer.xcdatamodeld in Sources */,
				224282ED296C22E400E636DD /* AudioControlView.swift in Sources */,
				22BADD5B29741E3800F6163B /* ResearchPaperPDFView.swift in Sources */,
				224282E7296A768B00E636DD /* GrobidDecodedPaper.swift in Sources */,
				2256FA33295F705400049F51 /* TranscriptionDataService.swift in Sources */,
				22D2FA49295CE95100D670D0 /* ArxivResearchPaperEntry.swift in Sources */,
				224282E9296A93E300E636DD /* SimpleTextView.swift in Sources */,
				22BADD5929741CAE00F6163B /* SavedPaperPDFView.swift in Sources */,
				22B566BC298B57DB00332804 /* ParsedPaper.swift in Sources */,
				2256FA24295E17B200049F51 /* SimplificationView.swift in Sources */,
				224282EB296B345E00E636DD /* DecodedPaperStorageManager.swift in Sources */,
				22D2FA47295CE93500D670D0 /* PaperSearchServicer.swift in Sources */,
				224AE0932991F33400F3EA17 /* RAISummary.swift in Sources */,
				22D2FA39295CB06400D670D0 /* ResearchPaperListView.swift in Sources */,
				224AE09529926E7200F3EA17 /* RAISummaryView.swift in Sources */,
				2256FA35295F705400049F51 /* SpeakerButton.swift in Sources */,
				22B566BE298B5B5100332804 /* AppState.swift in Sources */,
				224282E5296A743A00E636DD /* PaperDecoder.swift in Sources */,
				2256FA20295DDA5200049F51 /* PDFView.swift in Sources */,
				22D2FA37295CB06400D670D0 /* ResearchAIApp.swift in Sources */,
				2256FA28295F61AA00049F51 /* SavedPapersListView.swift in Sources */,
				22BADD612974429600F6163B /* PDFStorageManager.swift in Sources */,
				2256FA36295F705400049F51 /* Speaker.swift in Sources */,
				22C2D9AA296FAB010010CBF7 /* SpeechService.swift in Sources */,
				224AE08C298F132900F3EA17 /* Wrappers.swift in Sources */,
				2256FA22295DDD0500049F51 /* LinksView.swift in Sources */,
				2256FA1E295D057000049F51 /* ResearchPaperView.swift in Sources */,
				22BADD532972F1F800F6163B /* Paper.swift in Sources */,
			);
			runOnlyForDeploymentPostprocessing = 0;
		};
/* End PBXSourcesBuildPhase section */

/* Begin XCBuildConfiguration section */
		22D2FA3F295CB06400D670D0 /* Debug */ = {
			isa = XCBuildConfiguration;
			buildSettings = {
				ALWAYS_SEARCH_USER_PATHS = NO;
				CLANG_ANALYZER_NONNULL = YES;
				CLANG_ANALYZER_NUMBER_OBJECT_CONVERSION = YES_AGGRESSIVE;
				CLANG_CXX_LANGUAGE_STANDARD = "gnu++17";
				CLANG_ENABLE_MODULES = YES;
				CLANG_ENABLE_OBJC_ARC = YES;
				CLANG_ENABLE_OBJC_WEAK = YES;
				CLANG_WARN_BLOCK_CAPTURE_AUTORELEASING = YES;
				CLANG_WARN_BOOL_CONVERSION = YES;
				CLANG_WARN_COMMA = YES;
				CLANG_WARN_CONSTANT_CONVERSION = YES;
				CLANG_WARN_DEPRECATED_OBJC_IMPLEMENTATIONS = YES;
				CLANG_WARN_DIRECT_OBJC_ISA_USAGE = YES_ERROR;
				CLANG_WARN_DOCUMENTATION_COMMENTS = YES;
				CLANG_WARN_EMPTY_BODY = YES;
				CLANG_WARN_ENUM_CONVERSION = YES;
				CLANG_WARN_INFINITE_RECURSION = YES;
				CLANG_WARN_INT_CONVERSION = YES;
				CLANG_WARN_NON_LITERAL_NULL_CONVERSION = YES;
				CLANG_WARN_OBJC_IMPLICIT_RETAIN_SELF = YES;
				CLANG_WARN_OBJC_LITERAL_CONVERSION = YES;
				CLANG_WARN_OBJC_ROOT_CLASS = YES_ERROR;
				CLANG_WARN_QUOTED_INCLUDE_IN_FRAMEWORK_HEADER = YES;
				CLANG_WARN_RANGE_LOOP_ANALYSIS = YES;
				CLANG_WARN_STRICT_PROTOTYPES = YES;
				CLANG_WARN_SUSPICIOUS_MOVE = YES;
				CLANG_WARN_UNGUARDED_AVAILABILITY = YES_AGGRESSIVE;
				CLANG_WARN_UNREACHABLE_CODE = YES;
				CLANG_WARN__DUPLICATE_METHOD_MATCH = YES;
				COPY_PHASE_STRIP = NO;
				DEBUG_INFORMATION_FORMAT = dwarf;
				ENABLE_STRICT_OBJC_MSGSEND = YES;
				ENABLE_TESTABILITY = YES;
				GCC_C_LANGUAGE_STANDARD = gnu11;
				GCC_DYNAMIC_NO_PIC = NO;
				GCC_NO_COMMON_BLOCKS = YES;
				GCC_OPTIMIZATION_LEVEL = 0;
				GCC_PREPROCESSOR_DEFINITIONS = (
					"DEBUG=1",
					"$(inherited)",
				);
				GCC_WARN_64_TO_32_BIT_CONVERSION = YES;
				GCC_WARN_ABOUT_RETURN_TYPE = YES_ERROR;
				GCC_WARN_UNDECLARED_SELECTOR = YES;
				GCC_WARN_UNINITIALIZED_AUTOS = YES_AGGRESSIVE;
				GCC_WARN_UNUSED_FUNCTION = YES;
				GCC_WARN_UNUSED_VARIABLE = YES;
				IPHONEOS_DEPLOYMENT_TARGET = 15.5;
				MTL_ENABLE_DEBUG_INFO = INCLUDE_SOURCE;
				MTL_FAST_MATH = YES;
				ONLY_ACTIVE_ARCH = YES;
				SDKROOT = iphoneos;
				SWIFT_ACTIVE_COMPILATION_CONDITIONS = DEBUG;
				SWIFT_OPTIMIZATION_LEVEL = "-Onone";
			};
			name = Debug;
		};
		22D2FA40295CB06400D670D0 /* Release */ = {
			isa = XCBuildConfiguration;
			buildSettings = {
				ALWAYS_SEARCH_USER_PATHS = NO;
				CLANG_ANALYZER_NONNULL = YES;
				CLANG_ANALYZER_NUMBER_OBJECT_CONVERSION = YES_AGGRESSIVE;
				CLANG_CXX_LANGUAGE_STANDARD = "gnu++17";
				CLANG_ENABLE_MODULES = YES;
				CLANG_ENABLE_OBJC_ARC = YES;
				CLANG_ENABLE_OBJC_WEAK = YES;
				CLANG_WARN_BLOCK_CAPTURE_AUTORELEASING = YES;
				CLANG_WARN_BOOL_CONVERSION = YES;
				CLANG_WARN_COMMA = YES;
				CLANG_WARN_CONSTANT_CONVERSION = YES;
				CLANG_WARN_DEPRECATED_OBJC_IMPLEMENTATIONS = YES;
				CLANG_WARN_DIRECT_OBJC_ISA_USAGE = YES_ERROR;
				CLANG_WARN_DOCUMENTATION_COMMENTS = YES;
				CLANG_WARN_EMPTY_BODY = YES;
				CLANG_WARN_ENUM_CONVERSION = YES;
				CLANG_WARN_INFINITE_RECURSION = YES;
				CLANG_WARN_INT_CONVERSION = YES;
				CLANG_WARN_NON_LITERAL_NULL_CONVERSION = YES;
				CLANG_WARN_OBJC_IMPLICIT_RETAIN_SELF = YES;
				CLANG_WARN_OBJC_LITERAL_CONVERSION = YES;
				CLANG_WARN_OBJC_ROOT_CLASS = YES_ERROR;
				CLANG_WARN_QUOTED_INCLUDE_IN_FRAMEWORK_HEADER = YES;
				CLANG_WARN_RANGE_LOOP_ANALYSIS = YES;
				CLANG_WARN_STRICT_PROTOTYPES = YES;
				CLANG_WARN_SUSPICIOUS_MOVE = YES;
				CLANG_WARN_UNGUARDED_AVAILABILITY = YES_AGGRESSIVE;
				CLANG_WARN_UNREACHABLE_CODE = YES;
				CLANG_WARN__DUPLICATE_METHOD_MATCH = YES;
				COPY_PHASE_STRIP = NO;
				DEBUG_INFORMATION_FORMAT = "dwarf-with-dsym";
				ENABLE_NS_ASSERTIONS = NO;
				ENABLE_STRICT_OBJC_MSGSEND = YES;
				GCC_C_LANGUAGE_STANDARD = gnu11;
				GCC_NO_COMMON_BLOCKS = YES;
				GCC_WARN_64_TO_32_BIT_CONVERSION = YES;
				GCC_WARN_ABOUT_RETURN_TYPE = YES_ERROR;
				GCC_WARN_UNDECLARED_SELECTOR = YES;
				GCC_WARN_UNINITIALIZED_AUTOS = YES_AGGRESSIVE;
				GCC_WARN_UNUSED_FUNCTION = YES;
				GCC_WARN_UNUSED_VARIABLE = YES;
				IPHONEOS_DEPLOYMENT_TARGET = 15.5;
				MTL_ENABLE_DEBUG_INFO = NO;
				MTL_FAST_MATH = YES;
				SDKROOT = iphoneos;
				SWIFT_COMPILATION_MODE = wholemodule;
				SWIFT_OPTIMIZATION_LEVEL = "-O";
				VALIDATE_PRODUCT = YES;
			};
			name = Release;
		};
		22D2FA42295CB06400D670D0 /* Debug */ = {
			isa = XCBuildConfiguration;
			buildSettings = {
				ASSETCATALOG_COMPILER_APPICON_NAME = AppIcon;
				ASSETCATALOG_COMPILER_GLOBAL_ACCENT_COLOR_NAME = AccentColor;
				CODE_SIGN_STYLE = Automatic;
				CURRENT_PROJECT_VERSION = 1;
				DEVELOPMENT_ASSET_PATHS = "\"ResearchAI/Preview Content\"";
				DEVELOPMENT_TEAM = 45MN72G8RH;
				ENABLE_PREVIEWS = YES;
				GENERATE_INFOPLIST_FILE = YES;
				INFOPLIST_FILE = ResearchAI/Info.plist;
				INFOPLIST_KEY_LSApplicationCategoryType = "";
				INFOPLIST_KEY_NSMicrophoneUsageDescription = speech;
				INFOPLIST_KEY_NSSpeechRecognitionUsageDescription = "speech recognize";
				INFOPLIST_KEY_UIApplicationSceneManifest_Generation = YES;
				INFOPLIST_KEY_UIApplicationSupportsIndirectInputEvents = YES;
				INFOPLIST_KEY_UILaunchScreen_Generation = YES;
				INFOPLIST_KEY_UISupportedInterfaceOrientations_iPad = "UIInterfaceOrientationPortrait UIInterfaceOrientationPortraitUpsideDown UIInterfaceOrientationLandscapeLeft UIInterfaceOrientationLandscapeRight";
				INFOPLIST_KEY_UISupportedInterfaceOrientations_iPhone = "UIInterfaceOrientationPortrait UIInterfaceOrientationLandscapeLeft UIInterfaceOrientationLandscapeRight";
				IPHONEOS_DEPLOYMENT_TARGET = 16.0;
				LD_RUNPATH_SEARCH_PATHS = (
					"$(inherited)",
					"@executable_path/Frameworks",
				);
				MARKETING_VERSION = 1.0;
				PRODUCT_BUNDLE_IDENTIFIER = mwc.ResearchAI;
				PRODUCT_NAME = "$(TARGET_NAME)";
				SWIFT_EMIT_LOC_STRINGS = YES;
				SWIFT_VERSION = 5.0;
				TARGETED_DEVICE_FAMILY = "1,2";
			};
			name = Debug;
		};
		22D2FA43295CB06400D670D0 /* Release */ = {
			isa = XCBuildConfiguration;
			buildSettings = {
				ASSETCATALOG_COMPILER_APPICON_NAME = AppIcon;
				ASSETCATALOG_COMPILER_GLOBAL_ACCENT_COLOR_NAME = AccentColor;
				CODE_SIGN_STYLE = Automatic;
				CURRENT_PROJECT_VERSION = 1;
				DEVELOPMENT_ASSET_PATHS = "\"ResearchAI/Preview Content\"";
				DEVELOPMENT_TEAM = 45MN72G8RH;
				ENABLE_PREVIEWS = YES;
				GENERATE_INFOPLIST_FILE = YES;
				INFOPLIST_FILE = ResearchAI/Info.plist;
				INFOPLIST_KEY_LSApplicationCategoryType = "";
				INFOPLIST_KEY_NSMicrophoneUsageDescription = speech;
				INFOPLIST_KEY_NSSpeechRecognitionUsageDescription = "speech recognize";
				INFOPLIST_KEY_UIApplicationSceneManifest_Generation = YES;
				INFOPLIST_KEY_UIApplicationSupportsIndirectInputEvents = YES;
				INFOPLIST_KEY_UILaunchScreen_Generation = YES;
				INFOPLIST_KEY_UISupportedInterfaceOrientations_iPad = "UIInterfaceOrientationPortrait UIInterfaceOrientationPortraitUpsideDown UIInterfaceOrientationLandscapeLeft UIInterfaceOrientationLandscapeRight";
				INFOPLIST_KEY_UISupportedInterfaceOrientations_iPhone = "UIInterfaceOrientationPortrait UIInterfaceOrientationLandscapeLeft UIInterfaceOrientationLandscapeRight";
				IPHONEOS_DEPLOYMENT_TARGET = 16.0;
				LD_RUNPATH_SEARCH_PATHS = (
					"$(inherited)",
					"@executable_path/Frameworks",
				);
				MARKETING_VERSION = 1.0;
				PRODUCT_BUNDLE_IDENTIFIER = mwc.ResearchAI;
				PRODUCT_NAME = "$(TARGET_NAME)";
				SWIFT_EMIT_LOC_STRINGS = YES;
				SWIFT_VERSION = 5.0;
				TARGETED_DEVICE_FAMILY = "1,2";
			};
			name = Release;
		};
/* End XCBuildConfiguration section */

/* Begin XCConfigurationList section */
		22D2FA2E295CB06300D670D0 /* Build configuration list for PBXProject "ResearchAI" */ = {
			isa = XCConfigurationList;
			buildConfigurations = (
				22D2FA3F295CB06400D670D0 /* Debug */,
				22D2FA40295CB06400D670D0 /* Release */,
			);
			defaultConfigurationIsVisible = 0;
			defaultConfigurationName = Release;
		};
		22D2FA41295CB06400D670D0 /* Build configuration list for PBXNativeTarget "ResearchAI" */ = {
			isa = XCConfigurationList;
			buildConfigurations = (
				22D2FA42295CB06400D670D0 /* Debug */,
				22D2FA43295CB06400D670D0 /* Release */,
			);
			defaultConfigurationIsVisible = 0;
			defaultConfigurationName = Release;
		};
/* End XCConfigurationList section */

/* Begin XCRemoteSwiftPackageReference section */
		224282D92969AC2B00E636DD /* XCRemoteSwiftPackageReference "XMLParsing" */ = {
			isa = XCRemoteSwiftPackageReference;
			repositoryURL = "https://github.com/MaxDesiatov/XMLParsing";
			requirement = {
				branch = master;
				kind = branch;
			};
		};
		224282DD2969AD6300E636DD /* XCRemoteSwiftPackageReference "OpenAISwift" */ = {
			isa = XCRemoteSwiftPackageReference;
			repositoryURL = "https://github.com/adamrushy/OpenAISwift.git";
			requirement = {
				branch = main;
				kind = branch;
			};
		};
		224282E12969DAA200E636DD /* XCRemoteSwiftPackageReference "Alamofire" */ = {
			isa = XCRemoteSwiftPackageReference;
			repositoryURL = "https://github.com/Alamofire/Alamofire.git";
			requirement = {
				kind = upToNextMajorVersion;
				minimumVersion = 5.0.0;
			};
		};
/* End XCRemoteSwiftPackageReference section */

/* Begin XCSwiftPackageProductDependency section */
		224282DA2969AC2B00E636DD /* XMLParsing */ = {
			isa = XCSwiftPackageProductDependency;
			package = 224282D92969AC2B00E636DD /* XCRemoteSwiftPackageReference "XMLParsing" */;
			productName = XMLParsing;
		};
		224282DE2969AD6300E636DD /* OpenAISwift */ = {
			isa = XCSwiftPackageProductDependency;
			package = 224282DD2969AD6300E636DD /* XCRemoteSwiftPackageReference "OpenAISwift" */;
			productName = OpenAISwift;
		};
		224282E22969DAA200E636DD /* Alamofire */ = {
			isa = XCSwiftPackageProductDependency;
			package = 224282E12969DAA200E636DD /* XCRemoteSwiftPackageReference "Alamofire" */;
			productName = Alamofire;
		};
/* End XCSwiftPackageProductDependency section */

/* Begin XCVersionGroup section */
		221F113B2972E84F007C507F /* AppContainer.xcdatamodeld */ = {
			isa = XCVersionGroup;
			children = (
				221F113C2972E84F007C507F /* AppContainer.xcdatamodel */,
			);
			currentVersion = 221F113C2972E84F007C507F /* AppContainer.xcdatamodel */;
			path = AppContainer.xcdatamodeld;
			sourceTree = "<group>";
			versionGroupType = wrapper.xcdatamodel;
		};
/* End XCVersionGroup section */
	};
	rootObject = 22D2FA2B295CB06300D670D0 /* Project object */;
}
