// !$*UTF8*$!
{
	archiveVersion = 1;
	classes = {
	};
	objectVersion = 55;
	objects = {

/* Begin PBXBuildFile section */
		220EA12F29A12DCE00914032 /* LocalFileManager.swift in Sources */ = {isa = PBXBuildFile; fileRef = 220EA12E29A12DCE00914032 /* LocalFileManager.swift */; };
		220ED50429F6B521004D2619 /* ImageExtractor.swift in Sources */ = {isa = PBXBuildFile; fileRef = 220ED50329F6B521004D2619 /* ImageExtractor.swift */; };
		221F113A2972E710007C507F /* ReadingStorageManager.swift in Sources */ = {isa = PBXBuildFile; fileRef = 221F11392972E710007C507F /* ReadingStorageManager.swift */; };
		221F113D2972E84F007C507F /* AppContainer.xcdatamodeld in Sources */ = {isa = PBXBuildFile; fileRef = 221F113B2972E84F007C507F /* AppContainer.xcdatamodeld */; };
		22259CF129C5D3F200D08815 /* ForwardButton.swift in Sources */ = {isa = PBXBuildFile; fileRef = 22259CF029C5D3F200D08815 /* ForwardButton.swift */; };
		22259CF329C5D40F00D08815 /* BackwardButton.swift in Sources */ = {isa = PBXBuildFile; fileRef = 22259CF229C5D40F00D08815 /* BackwardButton.swift */; };
		22259CF529C5D4EE00D08815 /* AudioButton.swift in Sources */ = {isa = PBXBuildFile; fileRef = 22259CF429C5D4EE00D08815 /* AudioButton.swift */; };
		2226C2FA29ABA95000B624E7 /* Protocols+Extensions.swift in Sources */ = {isa = PBXBuildFile; fileRef = 2226C2F929ABA95000B624E7 /* Protocols+Extensions.swift */; };
		22356A9D299A425500136E90 /* SavedPaperListView.swift in Sources */ = {isa = PBXBuildFile; fileRef = 22356A9C299A425500136E90 /* SavedPaperListView.swift */; };
		22356A9F299A489100136E90 /* researchpaper1.pdf in Resources */ = {isa = PBXBuildFile; fileRef = 22356A9E299A489100136E90 /* researchpaper1.pdf */; };
		2240FC7329B8AC8D00BF850A /* SavedArticlePDFView.swift in Sources */ = {isa = PBXBuildFile; fileRef = 2240FC7229B8AC8D00BF850A /* SavedArticlePDFView.swift */; };
		2240FC7529B8AD4600BF850A /* PDFViewController.swift in Sources */ = {isa = PBXBuildFile; fileRef = 2240FC7429B8AD4600BF850A /* PDFViewController.swift */; };
		2240FCB329C071E100BF850A /* AnnotationEditorView.swift in Sources */ = {isa = PBXBuildFile; fileRef = 2240FCB229C071E100BF850A /* AnnotationEditorView.swift */; };
		2240FCB529C087F900BF850A /* SimplicationWithAnnotation.swift in Sources */ = {isa = PBXBuildFile; fileRef = 2240FCB429C087F900BF850A /* SimplicationWithAnnotation.swift */; };
		224282DB2969AC2B00E636DD /* XMLParsing in Frameworks */ = {isa = PBXBuildFile; productRef = 224282DA2969AC2B00E636DD /* XMLParsing */; };
		224282DF2969AD6300E636DD /* OpenAISwift in Frameworks */ = {isa = PBXBuildFile; productRef = 224282DE2969AD6300E636DD /* OpenAISwift */; };
		224282E32969DAA200E636DD /* Alamofire in Frameworks */ = {isa = PBXBuildFile; productRef = 224282E22969DAA200E636DD /* Alamofire */; };
		224282E5296A743A00E636DD /* PaperDecoder.swift in Sources */ = {isa = PBXBuildFile; fileRef = 224282E4296A743A00E636DD /* PaperDecoder.swift */; };
		224282E7296A768B00E636DD /* GrobidDecodedPaper.swift in Sources */ = {isa = PBXBuildFile; fileRef = 224282E6296A768B00E636DD /* GrobidDecodedPaper.swift */; };
		224282E9296A93E300E636DD /* ReaderView.swift in Sources */ = {isa = PBXBuildFile; fileRef = 224282E8296A93E300E636DD /* ReaderView.swift */; };
		224282ED296C22E400E636DD /* AudioControlView.swift in Sources */ = {isa = PBXBuildFile; fileRef = 224282EC296C22E400E636DD /* AudioControlView.swift */; };
		224292282A0E3CE60054E547 /* ConversationStorage.swift in Sources */ = {isa = PBXBuildFile; fileRef = 224292272A0E3CE60054E547 /* ConversationStorage.swift */; };
		2242922A2A0E53480054E547 /* ConversationGPT.swift in Sources */ = {isa = PBXBuildFile; fileRef = 224292292A0E53480054E547 /* ConversationGPT.swift */; };
		2242922C2A0E541C0054E547 /* ConversationAndSimplication.swift in Sources */ = {isa = PBXBuildFile; fileRef = 2242922B2A0E541C0054E547 /* ConversationAndSimplication.swift */; };
		224AE08C298F132900F3EA17 /* Wrappers.swift in Sources */ = {isa = PBXBuildFile; fileRef = 224AE08B298F132900F3EA17 /* Wrappers.swift */; };
		224AE0932991F33400F3EA17 /* RAISummary.swift in Sources */ = {isa = PBXBuildFile; fileRef = 224AE0922991F33400F3EA17 /* RAISummary.swift */; };
		224AE09529926E7200F3EA17 /* RAISummaryView.swift in Sources */ = {isa = PBXBuildFile; fileRef = 224AE09429926E7200F3EA17 /* RAISummaryView.swift */; };
		224AE0972992A39700F3EA17 /* RAIPaperDatabase.swift in Sources */ = {isa = PBXBuildFile; fileRef = 224AE0962992A39700F3EA17 /* RAIPaperDatabase.swift */; };
		2256FA20295DDA5200049F51 /* PDFResearchPaperView.swift in Sources */ = {isa = PBXBuildFile; fileRef = 2256FA1F295DDA5200049F51 /* PDFResearchPaperView.swift */; };
		2256FA24295E17B200049F51 /* SimplificationView.swift in Sources */ = {isa = PBXBuildFile; fileRef = 2256FA23295E17B200049F51 /* SimplificationView.swift */; };
		2256FA31295F705400049F51 /* AnswersGPT.swift in Sources */ = {isa = PBXBuildFile; fileRef = 2256FA2A295F705400049F51 /* AnswersGPT.swift */; };
		2256FA32295F705400049F51 /* MessageBubble.swift in Sources */ = {isa = PBXBuildFile; fileRef = 2256FA2B295F705400049F51 /* MessageBubble.swift */; };
		2256FA33295F705400049F51 /* TranscriptionDataService.swift in Sources */ = {isa = PBXBuildFile; fileRef = 2256FA2C295F705400049F51 /* TranscriptionDataService.swift */; };
		2256FA34295F705400049F51 /* Recognizer.swift in Sources */ = {isa = PBXBuildFile; fileRef = 2256FA2D295F705400049F51 /* Recognizer.swift */; };
		2256FA35295F705400049F51 /* SpeakerButton.swift in Sources */ = {isa = PBXBuildFile; fileRef = 2256FA2E295F705400049F51 /* SpeakerButton.swift */; };
		2256FA36295F705400049F51 /* Speaker.swift in Sources */ = {isa = PBXBuildFile; fileRef = 2256FA2F295F705400049F51 /* Speaker.swift */; };
		2257CED029FBFD5600B1707F /* ReaderPDFViewer.swift in Sources */ = {isa = PBXBuildFile; fileRef = 2257CECF29FBFD5600B1707F /* ReaderPDFViewer.swift */; };
		2257CED229FD2B0200B1707F /* SavedPaperCellView.swift in Sources */ = {isa = PBXBuildFile; fileRef = 2257CED129FD2B0200B1707F /* SavedPaperCellView.swift */; };
		2257CEF02A01216F00B1707F /* NotesViewer.swift in Sources */ = {isa = PBXBuildFile; fileRef = 2257CEEF2A01216F00B1707F /* NotesViewer.swift */; };
		2257CEF32A01235000B1707F /* CoreStorage.xcdatamodeld in Sources */ = {isa = PBXBuildFile; fileRef = 2257CEF12A01235000B1707F /* CoreStorage.xcdatamodeld */; };
		2257CEF52A013A4A00B1707F /* NotesEditorViewer.swift in Sources */ = {isa = PBXBuildFile; fileRef = 2257CEF42A013A4A00B1707F /* NotesEditorViewer.swift */; };
		2257CEF72A01401E00B1707F /* PersistanceController.swift in Sources */ = {isa = PBXBuildFile; fileRef = 2257CEF62A01401E00B1707F /* PersistanceController.swift */; };
		225B8E4129D91A3E00EC8A96 /* TextPresenterView.swift in Sources */ = {isa = PBXBuildFile; fileRef = 225B8E4029D91A3E00EC8A96 /* TextPresenterView.swift */; };
		225B8E4329D9A89900EC8A96 /* AudioPlayerView.swift in Sources */ = {isa = PBXBuildFile; fileRef = 225B8E4229D9A89900EC8A96 /* AudioPlayerView.swift */; };
		225B8E4529D9AD8300EC8A96 /* MaskingView.swift in Sources */ = {isa = PBXBuildFile; fileRef = 225B8E4429D9AD8300EC8A96 /* MaskingView.swift */; };
		225B8E4729D9BAE700EC8A96 /* OverlayView.swift in Sources */ = {isa = PBXBuildFile; fileRef = 225B8E4629D9BAE700EC8A96 /* OverlayView.swift */; };
		225B8E4929D9C07100EC8A96 /* FrameView.swift in Sources */ = {isa = PBXBuildFile; fileRef = 225B8E4829D9C07100EC8A96 /* FrameView.swift */; };
		225B8E4B29DA030F00EC8A96 /* ArxivPaperServicer.swift in Sources */ = {isa = PBXBuildFile; fileRef = 225B8E4A29DA030F00EC8A96 /* ArxivPaperServicer.swift */; };
		225B8E4E29DAD49E00EC8A96 /* XMLHandler.swift in Sources */ = {isa = PBXBuildFile; fileRef = 225B8E4D29DAD49E00EC8A96 /* XMLHandler.swift */; };
		225B8E6B29DB016A00EC8A96 /* SoundManager.swift in Sources */ = {isa = PBXBuildFile; fileRef = 225B8E6A29DB016A00EC8A96 /* SoundManager.swift */; };
		225B8E6D29DB02AA00EC8A96 /* ding.mp3 in Resources */ = {isa = PBXBuildFile; fileRef = 225B8E6C29DB02AA00EC8A96 /* ding.mp3 */; };
		2264A7E029DBB43E00825D98 /* ZoomScrollView .swift in Sources */ = {isa = PBXBuildFile; fileRef = 2264A7DF29DBB43E00825D98 /* ZoomScrollView .swift */; };
		226EAC0E29B2D408002C060D /* View+Modifiers.swift in Sources */ = {isa = PBXBuildFile; fileRef = 226EAC0D29B2D408002C060D /* View+Modifiers.swift */; };
		226EAC1929B2DF1A002C060D /* ArticleRowView.swift in Sources */ = {isa = PBXBuildFile; fileRef = 226EAC1829B2DF1A002C060D /* ArticleRowView.swift */; };
		226EAC2A29B2E540002C060D /* PaperDownloadManager.swift in Sources */ = {isa = PBXBuildFile; fileRef = 226EAC2929B2E540002C060D /* PaperDownloadManager.swift */; };
		226EAC2C29B2E91C002C060D /* SummarizingView.swift in Sources */ = {isa = PBXBuildFile; fileRef = 226EAC2B29B2E91C002C060D /* SummarizingView.swift */; };
		226EAC2F29B2EA9E002C060D /* PDFLoadingView.swift in Sources */ = {isa = PBXBuildFile; fileRef = 226EAC2E29B2EA9E002C060D /* PDFLoadingView.swift */; };
		226EAC4D29B431DD002C060D /* CoreAPIServicer.swift in Sources */ = {isa = PBXBuildFile; fileRef = 226EAC4C29B431DD002C060D /* CoreAPIServicer.swift */; };
		227CB959299F183300FF1646 /* Comprehension.swift in Sources */ = {isa = PBXBuildFile; fileRef = 227CB958299F183300FF1646 /* Comprehension.swift */; };
		229C3B3F29C87B0E00ABE6BD /* ReaderViewModel.swift in Sources */ = {isa = PBXBuildFile; fileRef = 229C3B3E29C87B0E00ABE6BD /* ReaderViewModel.swift */; };
		22B566BC298B57DB00332804 /* ParsedPaper.swift in Sources */ = {isa = PBXBuildFile; fileRef = 22B566BB298B57DB00332804 /* ParsedPaper.swift */; };
		22B566BE298B5B5100332804 /* AppState.swift in Sources */ = {isa = PBXBuildFile; fileRef = 22B566BD298B5B5100332804 /* AppState.swift */; };
		22BADD532972F1F800F6163B /* Paper.swift in Sources */ = {isa = PBXBuildFile; fileRef = 22BADD522972F1F800F6163B /* Paper.swift */; };
		22BADD5929741CAE00F6163B /* SavedPaperPDFView.swift in Sources */ = {isa = PBXBuildFile; fileRef = 22BADD5829741CAE00F6163B /* SavedPaperPDFView.swift */; };
		22BADD5B29741E3800F6163B /* ResearchPaperPDFView.swift in Sources */ = {isa = PBXBuildFile; fileRef = 22BADD5A29741E3800F6163B /* ResearchPaperPDFView.swift */; };
		22BADD642974583200F6163B /* SettingsModel.swift in Sources */ = {isa = PBXBuildFile; fileRef = 22BADD632974583200F6163B /* SettingsModel.swift */; };
		22BADD6629748B7E00F6163B /* Constants.swift in Sources */ = {isa = PBXBuildFile; fileRef = 22BADD6529748B7E00F6163B /* Constants.swift */; };
		22C2D9AA296FAB010010CBF7 /* SpeechService.swift in Sources */ = {isa = PBXBuildFile; fileRef = 22C2D9A9296FAB010010CBF7 /* SpeechService.swift */; };
		22D2FA37295CB06400D670D0 /* ResearchAIApp.swift in Sources */ = {isa = PBXBuildFile; fileRef = 22D2FA36295CB06400D670D0 /* ResearchAIApp.swift */; };
		22D2FA39295CB06400D670D0 /* ResearchPaperListView.swift in Sources */ = {isa = PBXBuildFile; fileRef = 22D2FA38295CB06400D670D0 /* ResearchPaperListView.swift */; };
		22D2FA3B295CB06400D670D0 /* Assets.xcassets in Resources */ = {isa = PBXBuildFile; fileRef = 22D2FA3A295CB06400D670D0 /* Assets.xcassets */; };
		22D2FA3E295CB06400D670D0 /* Preview Assets.xcassets in Resources */ = {isa = PBXBuildFile; fileRef = 22D2FA3D295CB06400D670D0 /* Preview Assets.xcassets */; };
		22D2FA4F295CF8A600D670D0 /* OpenAIServicer.swift in Sources */ = {isa = PBXBuildFile; fileRef = 22D2FA4E295CF8A600D670D0 /* OpenAIServicer.swift */; };
		22D90A4A29DC3E7000F9726C /* AudioHotLoader.swift in Sources */ = {isa = PBXBuildFile; fileRef = 22D90A4929DC3E7000F9726C /* AudioHotLoader.swift */; };
		22D90A7D29E040FD00F9726C /* Color.swift in Sources */ = {isa = PBXBuildFile; fileRef = 22D90A7C29E040FD00F9726C /* Color.swift */; };
/* End PBXBuildFile section */

/* Begin PBXFileReference section */
		220EA12E29A12DCE00914032 /* LocalFileManager.swift */ = {isa = PBXFileReference; lastKnownFileType = sourcecode.swift; path = LocalFileManager.swift; sourceTree = "<group>"; };
		220ED50329F6B521004D2619 /* ImageExtractor.swift */ = {isa = PBXFileReference; lastKnownFileType = sourcecode.swift; path = ImageExtractor.swift; sourceTree = "<group>"; };
		221F11392972E710007C507F /* ReadingStorageManager.swift */ = {isa = PBXFileReference; lastKnownFileType = sourcecode.swift; path = ReadingStorageManager.swift; sourceTree = "<group>"; };
		221F113C2972E84F007C507F /* AppContainer.xcdatamodel */ = {isa = PBXFileReference; lastKnownFileType = wrapper.xcdatamodel; path = AppContainer.xcdatamodel; sourceTree = "<group>"; };
		22259CF029C5D3F200D08815 /* ForwardButton.swift */ = {isa = PBXFileReference; lastKnownFileType = sourcecode.swift; path = ForwardButton.swift; sourceTree = "<group>"; };
		22259CF229C5D40F00D08815 /* BackwardButton.swift */ = {isa = PBXFileReference; lastKnownFileType = sourcecode.swift; path = BackwardButton.swift; sourceTree = "<group>"; };
		22259CF429C5D4EE00D08815 /* AudioButton.swift */ = {isa = PBXFileReference; lastKnownFileType = sourcecode.swift; path = AudioButton.swift; sourceTree = "<group>"; };
		2226C2F929ABA95000B624E7 /* Protocols+Extensions.swift */ = {isa = PBXFileReference; lastKnownFileType = sourcecode.swift; path = "Protocols+Extensions.swift"; sourceTree = "<group>"; };
		22356A9C299A425500136E90 /* SavedPaperListView.swift */ = {isa = PBXFileReference; lastKnownFileType = sourcecode.swift; path = SavedPaperListView.swift; sourceTree = "<group>"; };
		22356A9E299A489100136E90 /* researchpaper1.pdf */ = {isa = PBXFileReference; lastKnownFileType = image.pdf; path = researchpaper1.pdf; sourceTree = "<group>"; };
		2240FC7229B8AC8D00BF850A /* SavedArticlePDFView.swift */ = {isa = PBXFileReference; lastKnownFileType = sourcecode.swift; path = SavedArticlePDFView.swift; sourceTree = "<group>"; };
		2240FC7429B8AD4600BF850A /* PDFViewController.swift */ = {isa = PBXFileReference; lastKnownFileType = sourcecode.swift; path = PDFViewController.swift; sourceTree = "<group>"; };
		2240FCB229C071E100BF850A /* AnnotationEditorView.swift */ = {isa = PBXFileReference; lastKnownFileType = sourcecode.swift; path = AnnotationEditorView.swift; sourceTree = "<group>"; };
		2240FCB429C087F900BF850A /* SimplicationWithAnnotation.swift */ = {isa = PBXFileReference; lastKnownFileType = sourcecode.swift; path = SimplicationWithAnnotation.swift; sourceTree = "<group>"; };
		224282E02969D4B100E636DD /* Info.plist */ = {isa = PBXFileReference; lastKnownFileType = text.plist; path = Info.plist; sourceTree = "<group>"; };
		224282E4296A743A00E636DD /* PaperDecoder.swift */ = {isa = PBXFileReference; lastKnownFileType = sourcecode.swift; path = PaperDecoder.swift; sourceTree = "<group>"; };
		224282E6296A768B00E636DD /* GrobidDecodedPaper.swift */ = {isa = PBXFileReference; lastKnownFileType = sourcecode.swift; path = GrobidDecodedPaper.swift; sourceTree = "<group>"; };
		224282E8296A93E300E636DD /* ReaderView.swift */ = {isa = PBXFileReference; lastKnownFileType = sourcecode.swift; path = ReaderView.swift; sourceTree = "<group>"; };
		224282EC296C22E400E636DD /* AudioControlView.swift */ = {isa = PBXFileReference; lastKnownFileType = sourcecode.swift; path = AudioControlView.swift; sourceTree = "<group>"; };
		224292272A0E3CE60054E547 /* ConversationStorage.swift */ = {isa = PBXFileReference; lastKnownFileType = sourcecode.swift; path = ConversationStorage.swift; sourceTree = "<group>"; };
		224292292A0E53480054E547 /* ConversationGPT.swift */ = {isa = PBXFileReference; lastKnownFileType = sourcecode.swift; path = ConversationGPT.swift; sourceTree = "<group>"; };
		2242922B2A0E541C0054E547 /* ConversationAndSimplication.swift */ = {isa = PBXFileReference; lastKnownFileType = sourcecode.swift; path = ConversationAndSimplication.swift; sourceTree = "<group>"; };
		224AE08B298F132900F3EA17 /* Wrappers.swift */ = {isa = PBXFileReference; lastKnownFileType = sourcecode.swift; path = Wrappers.swift; sourceTree = "<group>"; };
		224AE0922991F33400F3EA17 /* RAISummary.swift */ = {isa = PBXFileReference; lastKnownFileType = sourcecode.swift; path = RAISummary.swift; sourceTree = "<group>"; };
		224AE09429926E7200F3EA17 /* RAISummaryView.swift */ = {isa = PBXFileReference; lastKnownFileType = sourcecode.swift; path = RAISummaryView.swift; sourceTree = "<group>"; };
		224AE0962992A39700F3EA17 /* RAIPaperDatabase.swift */ = {isa = PBXFileReference; lastKnownFileType = sourcecode.swift; path = RAIPaperDatabase.swift; sourceTree = "<group>"; };
		2256FA1F295DDA5200049F51 /* PDFResearchPaperView.swift */ = {isa = PBXFileReference; lastKnownFileType = sourcecode.swift; path = PDFResearchPaperView.swift; sourceTree = "<group>"; };
		2256FA23295E17B200049F51 /* SimplificationView.swift */ = {isa = PBXFileReference; lastKnownFileType = sourcecode.swift; path = SimplificationView.swift; sourceTree = "<group>"; };
		2256FA2A295F705400049F51 /* AnswersGPT.swift */ = {isa = PBXFileReference; fileEncoding = 4; lastKnownFileType = sourcecode.swift; path = AnswersGPT.swift; sourceTree = "<group>"; };
		2256FA2B295F705400049F51 /* MessageBubble.swift */ = {isa = PBXFileReference; fileEncoding = 4; lastKnownFileType = sourcecode.swift; path = MessageBubble.swift; sourceTree = "<group>"; };
		2256FA2C295F705400049F51 /* TranscriptionDataService.swift */ = {isa = PBXFileReference; fileEncoding = 4; lastKnownFileType = sourcecode.swift; path = TranscriptionDataService.swift; sourceTree = "<group>"; };
		2256FA2D295F705400049F51 /* Recognizer.swift */ = {isa = PBXFileReference; fileEncoding = 4; lastKnownFileType = sourcecode.swift; path = Recognizer.swift; sourceTree = "<group>"; };
		2256FA2E295F705400049F51 /* SpeakerButton.swift */ = {isa = PBXFileReference; fileEncoding = 4; lastKnownFileType = sourcecode.swift; path = SpeakerButton.swift; sourceTree = "<group>"; };
		2256FA2F295F705400049F51 /* Speaker.swift */ = {isa = PBXFileReference; fileEncoding = 4; lastKnownFileType = sourcecode.swift; path = Speaker.swift; sourceTree = "<group>"; };
		2257CECF29FBFD5600B1707F /* ReaderPDFViewer.swift */ = {isa = PBXFileReference; lastKnownFileType = sourcecode.swift; path = ReaderPDFViewer.swift; sourceTree = "<group>"; };
		2257CED129FD2B0200B1707F /* SavedPaperCellView.swift */ = {isa = PBXFileReference; lastKnownFileType = sourcecode.swift; path = SavedPaperCellView.swift; sourceTree = "<group>"; };
		2257CEEF2A01216F00B1707F /* NotesViewer.swift */ = {isa = PBXFileReference; lastKnownFileType = sourcecode.swift; path = NotesViewer.swift; sourceTree = "<group>"; };
		2257CEF22A01235000B1707F /* CoreStorage.xcdatamodel */ = {isa = PBXFileReference; lastKnownFileType = wrapper.xcdatamodel; path = CoreStorage.xcdatamodel; sourceTree = "<group>"; };
		2257CEF42A013A4A00B1707F /* NotesEditorViewer.swift */ = {isa = PBXFileReference; lastKnownFileType = sourcecode.swift; path = NotesEditorViewer.swift; sourceTree = "<group>"; };
		2257CEF62A01401E00B1707F /* PersistanceController.swift */ = {isa = PBXFileReference; lastKnownFileType = sourcecode.swift; path = PersistanceController.swift; sourceTree = "<group>"; };
		225B8E4029D91A3E00EC8A96 /* TextPresenterView.swift */ = {isa = PBXFileReference; lastKnownFileType = sourcecode.swift; path = TextPresenterView.swift; sourceTree = "<group>"; };
		225B8E4229D9A89900EC8A96 /* AudioPlayerView.swift */ = {isa = PBXFileReference; lastKnownFileType = sourcecode.swift; path = AudioPlayerView.swift; sourceTree = "<group>"; };
		225B8E4429D9AD8300EC8A96 /* MaskingView.swift */ = {isa = PBXFileReference; lastKnownFileType = sourcecode.swift; path = MaskingView.swift; sourceTree = "<group>"; };
		225B8E4629D9BAE700EC8A96 /* OverlayView.swift */ = {isa = PBXFileReference; lastKnownFileType = sourcecode.swift; path = OverlayView.swift; sourceTree = "<group>"; };
		225B8E4829D9C07100EC8A96 /* FrameView.swift */ = {isa = PBXFileReference; lastKnownFileType = sourcecode.swift; path = FrameView.swift; sourceTree = "<group>"; };
		225B8E4A29DA030F00EC8A96 /* ArxivPaperServicer.swift */ = {isa = PBXFileReference; lastKnownFileType = sourcecode.swift; path = ArxivPaperServicer.swift; sourceTree = "<group>"; };
		225B8E4D29DAD49E00EC8A96 /* XMLHandler.swift */ = {isa = PBXFileReference; lastKnownFileType = sourcecode.swift; path = XMLHandler.swift; sourceTree = "<group>"; };
		225B8E6A29DB016A00EC8A96 /* SoundManager.swift */ = {isa = PBXFileReference; lastKnownFileType = sourcecode.swift; path = SoundManager.swift; sourceTree = "<group>"; };
		225B8E6C29DB02AA00EC8A96 /* ding.mp3 */ = {isa = PBXFileReference; lastKnownFileType = audio.mp3; path = ding.mp3; sourceTree = "<group>"; };
		2264A7DF29DBB43E00825D98 /* ZoomScrollView .swift */ = {isa = PBXFileReference; lastKnownFileType = sourcecode.swift; path = "ZoomScrollView .swift"; sourceTree = "<group>"; };
		226EAC0D29B2D408002C060D /* View+Modifiers.swift */ = {isa = PBXFileReference; lastKnownFileType = sourcecode.swift; path = "View+Modifiers.swift"; sourceTree = "<group>"; };
		226EAC1829B2DF1A002C060D /* ArticleRowView.swift */ = {isa = PBXFileReference; lastKnownFileType = sourcecode.swift; path = ArticleRowView.swift; sourceTree = "<group>"; };
		226EAC2929B2E540002C060D /* PaperDownloadManager.swift */ = {isa = PBXFileReference; lastKnownFileType = sourcecode.swift; path = PaperDownloadManager.swift; sourceTree = "<group>"; };
		226EAC2B29B2E91C002C060D /* SummarizingView.swift */ = {isa = PBXFileReference; lastKnownFileType = sourcecode.swift; path = SummarizingView.swift; sourceTree = "<group>"; };
		226EAC2E29B2EA9E002C060D /* PDFLoadingView.swift */ = {isa = PBXFileReference; lastKnownFileType = sourcecode.swift; path = PDFLoadingView.swift; sourceTree = "<group>"; };
		226EAC4C29B431DD002C060D /* CoreAPIServicer.swift */ = {isa = PBXFileReference; lastKnownFileType = sourcecode.swift; path = CoreAPIServicer.swift; sourceTree = "<group>"; };
		227CB958299F183300FF1646 /* Comprehension.swift */ = {isa = PBXFileReference; lastKnownFileType = sourcecode.swift; path = Comprehension.swift; sourceTree = "<group>"; };
		229C3B3E29C87B0E00ABE6BD /* ReaderViewModel.swift */ = {isa = PBXFileReference; lastKnownFileType = sourcecode.swift; path = ReaderViewModel.swift; sourceTree = "<group>"; };
		22B566BB298B57DB00332804 /* ParsedPaper.swift */ = {isa = PBXFileReference; lastKnownFileType = sourcecode.swift; path = ParsedPaper.swift; sourceTree = "<group>"; };
		22B566BD298B5B5100332804 /* AppState.swift */ = {isa = PBXFileReference; lastKnownFileType = sourcecode.swift; path = AppState.swift; sourceTree = "<group>"; };
		22BADD522972F1F800F6163B /* Paper.swift */ = {isa = PBXFileReference; lastKnownFileType = sourcecode.swift; path = Paper.swift; sourceTree = "<group>"; };
		22BADD5829741CAE00F6163B /* SavedPaperPDFView.swift */ = {isa = PBXFileReference; lastKnownFileType = sourcecode.swift; path = SavedPaperPDFView.swift; sourceTree = "<group>"; };
		22BADD5A29741E3800F6163B /* ResearchPaperPDFView.swift */ = {isa = PBXFileReference; lastKnownFileType = sourcecode.swift; path = ResearchPaperPDFView.swift; sourceTree = "<group>"; };
		22BADD632974583200F6163B /* SettingsModel.swift */ = {isa = PBXFileReference; lastKnownFileType = sourcecode.swift; path = SettingsModel.swift; sourceTree = "<group>"; };
		22BADD6529748B7E00F6163B /* Constants.swift */ = {isa = PBXFileReference; lastKnownFileType = sourcecode.swift; path = Constants.swift; sourceTree = "<group>"; };
		22C2D9A9296FAB010010CBF7 /* SpeechService.swift */ = {isa = PBXFileReference; lastKnownFileType = sourcecode.swift; path = SpeechService.swift; sourceTree = "<group>"; };
		22D2FA33295CB06400D670D0 /* Paiper.app */ = {isa = PBXFileReference; explicitFileType = wrapper.application; includeInIndex = 0; path = Paiper.app; sourceTree = BUILT_PRODUCTS_DIR; };
		22D2FA36295CB06400D670D0 /* ResearchAIApp.swift */ = {isa = PBXFileReference; lastKnownFileType = sourcecode.swift; path = ResearchAIApp.swift; sourceTree = "<group>"; };
		22D2FA38295CB06400D670D0 /* ResearchPaperListView.swift */ = {isa = PBXFileReference; lastKnownFileType = sourcecode.swift; path = ResearchPaperListView.swift; sourceTree = "<group>"; };
		22D2FA3A295CB06400D670D0 /* Assets.xcassets */ = {isa = PBXFileReference; lastKnownFileType = folder.assetcatalog; path = Assets.xcassets; sourceTree = "<group>"; };
		22D2FA3D295CB06400D670D0 /* Preview Assets.xcassets */ = {isa = PBXFileReference; lastKnownFileType = folder.assetcatalog; path = "Preview Assets.xcassets"; sourceTree = "<group>"; };
		22D2FA4E295CF8A600D670D0 /* OpenAIServicer.swift */ = {isa = PBXFileReference; lastKnownFileType = sourcecode.swift; path = OpenAIServicer.swift; sourceTree = "<group>"; };
		22D90A4929DC3E7000F9726C /* AudioHotLoader.swift */ = {isa = PBXFileReference; lastKnownFileType = sourcecode.swift; path = AudioHotLoader.swift; sourceTree = "<group>"; };
		22D90A7C29E040FD00F9726C /* Color.swift */ = {isa = PBXFileReference; lastKnownFileType = sourcecode.swift; path = Color.swift; sourceTree = "<group>"; };
/* End PBXFileReference section */

/* Begin PBXFrameworksBuildPhase section */
		22D2FA30295CB06300D670D0 /* Frameworks */ = {
			isa = PBXFrameworksBuildPhase;
			buildActionMask = 2147483647;
			files = (
				224282E32969DAA200E636DD /* Alamofire in Frameworks */,
				224282DF2969AD6300E636DD /* OpenAISwift in Frameworks */,
				224282DB2969AC2B00E636DD /* XMLParsing in Frameworks */,
			);
			runOnlyForDeploymentPostprocessing = 0;
		};
/* End PBXFrameworksBuildPhase section */

/* Begin PBXGroup section */
		221F11382972E6EC007C507F /* Storage */ = {
			isa = PBXGroup;
			children = (
				220EA12E29A12DCE00914032 /* LocalFileManager.swift */,
				221F11392972E710007C507F /* ReadingStorageManager.swift */,
				221F113B2972E84F007C507F /* AppContainer.xcdatamodeld */,
				224292272A0E3CE60054E547 /* ConversationStorage.swift */,
			);
			path = Storage;
			sourceTree = "<group>";
		};
		2240FC7629B8D22F00BF850A /* Components */ = {
			isa = PBXGroup;
			children = (
				2256FA1F295DDA5200049F51 /* PDFResearchPaperView.swift */,
			);
			path = Components;
			sourceTree = "<group>";
		};
		2256FA29295F6FB600049F51 /* ChatAI */ = {
			isa = PBXGroup;
			children = (
				2256FA2A295F705400049F51 /* AnswersGPT.swift */,
				2256FA2B295F705400049F51 /* MessageBubble.swift */,
				2256FA2D295F705400049F51 /* Recognizer.swift */,
				2256FA2F295F705400049F51 /* Speaker.swift */,
				2256FA2E295F705400049F51 /* SpeakerButton.swift */,
				2256FA2C295F705400049F51 /* TranscriptionDataService.swift */,
				2242922B2A0E541C0054E547 /* ConversationAndSimplication.swift */,
				224292292A0E53480054E547 /* ConversationGPT.swift */,
			);
			path = ChatAI;
			sourceTree = "<group>";
		};
		2257CEEE2A011BA500B1707F /* Notes */ = {
			isa = PBXGroup;
			children = (
				2257CEEF2A01216F00B1707F /* NotesViewer.swift */,
				2257CEF42A013A4A00B1707F /* NotesEditorViewer.swift */,
				2257CEF62A01401E00B1707F /* PersistanceController.swift */,
				2257CEF12A01235000B1707F /* CoreStorage.xcdatamodeld */,
			);
			path = Notes;
			sourceTree = "<group>";
		};
		225B8E4C29DAD48900EC8A96 /* Custom Parser */ = {
			isa = PBXGroup;
			children = (
				225B8E4D29DAD49E00EC8A96 /* XMLHandler.swift */,
			);
			path = "Custom Parser";
			sourceTree = "<group>";
		};
		225B8E6929DB013E00EC8A96 /* Sound Manager */ = {
			isa = PBXGroup;
			children = (
				225B8E6A29DB016A00EC8A96 /* SoundManager.swift */,
			);
			path = "Sound Manager";
			sourceTree = "<group>";
		};
		226EAC0C29B2D3F6002C060D /* Modifiers */ = {
			isa = PBXGroup;
			children = (
				226EAC0D29B2D408002C060D /* View+Modifiers.swift */,
				22D90A7C29E040FD00F9726C /* Color.swift */,
			);
			path = Modifiers;
			sourceTree = "<group>";
		};
		226EAC0F29B2DCCC002C060D /* Screens */ = {
			isa = PBXGroup;
			children = (
				226EAC2729B2E3F6002C060D /* Lists */,
				226EAC2229B2E2BB002C060D /* Article Summary View */,
				226EAC2129B2E20A002C060D /* Article View */,
				226EAC1F29B2E11F002C060D /* Saved Paper View */,
				226EAC2429B2E30D002C060D /* Simplication View */,
				226EAC2529B2E35F002C060D /* Reader View */,
			);
			path = Screens;
			sourceTree = "<group>";
		};
		226EAC1A29B2DFAD002C060D /* Articles Summary List */ = {
			isa = PBXGroup;
			children = (
				22D2FA38295CB06400D670D0 /* ResearchPaperListView.swift */,
				226EAC1B29B2DFCB002C060D /* Components */,
			);
			path = "Articles Summary List";
			sourceTree = "<group>";
		};
		226EAC1B29B2DFCB002C060D /* Components */ = {
			isa = PBXGroup;
			children = (
				226EAC1829B2DF1A002C060D /* ArticleRowView.swift */,
			);
			path = Components;
			sourceTree = "<group>";
		};
		226EAC1D29B2E068002C060D /* Articles Saved List */ = {
			isa = PBXGroup;
			children = (
				22356A9C299A425500136E90 /* SavedPaperListView.swift */,
				2257CED129FD2B0200B1707F /* SavedPaperCellView.swift */,
			);
			path = "Articles Saved List";
			sourceTree = "<group>";
		};
		226EAC1F29B2E11F002C060D /* Saved Paper View */ = {
			isa = PBXGroup;
			children = (
				22BADD5829741CAE00F6163B /* SavedPaperPDFView.swift */,
				2257CECF29FBFD5600B1707F /* ReaderPDFViewer.swift */,
				226EAC2029B2E1CE002C060D /* Components */,
			);
			path = "Saved Paper View";
			sourceTree = "<group>";
		};
		226EAC2029B2E1CE002C060D /* Components */ = {
			isa = PBXGroup;
			children = (
				2240FC7229B8AC8D00BF850A /* SavedArticlePDFView.swift */,
				2240FC7429B8AD4600BF850A /* PDFViewController.swift */,
				2240FCB229C071E100BF850A /* AnnotationEditorView.swift */,
			);
			path = Components;
			sourceTree = "<group>";
		};
		226EAC2129B2E20A002C060D /* Article View */ = {
			isa = PBXGroup;
			children = (
				22BADD5A29741E3800F6163B /* ResearchPaperPDFView.swift */,
				2240FC7629B8D22F00BF850A /* Components */,
			);
			path = "Article View";
			sourceTree = "<group>";
		};
		226EAC2229B2E2BB002C060D /* Article Summary View */ = {
			isa = PBXGroup;
			children = (
				224AE09429926E7200F3EA17 /* RAISummaryView.swift */,
				226EAC2D29B2E9D7002C060D /* Components */,
				226EAC2829B2E521002C060D /* PDF Loading Manager */,
			);
			path = "Article Summary View";
			sourceTree = "<group>";
		};
		226EAC2429B2E30D002C060D /* Simplication View */ = {
			isa = PBXGroup;
			children = (
				2256FA23295E17B200049F51 /* SimplificationView.swift */,
				2240FCB429C087F900BF850A /* SimplicationWithAnnotation.swift */,
			);
			path = "Simplication View";
			sourceTree = "<group>";
		};
		226EAC2529B2E35F002C060D /* Reader View */ = {
			isa = PBXGroup;
			children = (
				224282E8296A93E300E636DD /* ReaderView.swift */,
				225B8E4829D9C07100EC8A96 /* FrameView.swift */,
				225B8E4429D9AD8300EC8A96 /* MaskingView.swift */,
				225B8E4629D9BAE700EC8A96 /* OverlayView.swift */,
				225B8E4229D9A89900EC8A96 /* AudioPlayerView.swift */,
				225B8E4029D91A3E00EC8A96 /* TextPresenterView.swift */,
				226EAC3029B2EDCD002C060D /* Components */,
				22D90A4929DC3E7000F9726C /* AudioHotLoader.swift */,
			);
			path = "Reader View";
			sourceTree = "<group>";
		};
		226EAC2729B2E3F6002C060D /* Lists */ = {
			isa = PBXGroup;
			children = (
				226EAC1D29B2E068002C060D /* Articles Saved List */,
				226EAC1A29B2DFAD002C060D /* Articles Summary List */,
			);
			path = Lists;
			sourceTree = "<group>";
		};
		226EAC2829B2E521002C060D /* PDF Loading Manager */ = {
			isa = PBXGroup;
			children = (
				226EAC2929B2E540002C060D /* PaperDownloadManager.swift */,
			);
			path = "PDF Loading Manager";
			sourceTree = "<group>";
		};
		226EAC2D29B2E9D7002C060D /* Components */ = {
			isa = PBXGroup;
			children = (
				226EAC2B29B2E91C002C060D /* SummarizingView.swift */,
				226EAC2E29B2EA9E002C060D /* PDFLoadingView.swift */,
			);
			path = Components;
			sourceTree = "<group>";
		};
		226EAC3029B2EDCD002C060D /* Components */ = {
			isa = PBXGroup;
			children = (
				229C3B3E29C87B0E00ABE6BD /* ReaderViewModel.swift */,
				224282EC296C22E400E636DD /* AudioControlView.swift */,
				22259CF029C5D3F200D08815 /* ForwardButton.swift */,
				22259CF229C5D40F00D08815 /* BackwardButton.swift */,
				22259CF429C5D4EE00D08815 /* AudioButton.swift */,
				2264A7DF29DBB43E00825D98 /* ZoomScrollView .swift */,
				220ED50329F6B521004D2619 /* ImageExtractor.swift */,
				2257CEEE2A011BA500B1707F /* Notes */,
			);
			path = Components;
			sourceTree = "<group>";
		};
		22BADD672975DF2D00F6163B /* APIs */ = {
			isa = PBXGroup;
			children = (
				22C2D9A9296FAB010010CBF7 /* SpeechService.swift */,
				226EAC4C29B431DD002C060D /* CoreAPIServicer.swift */,
				22D2FA4E295CF8A600D670D0 /* OpenAIServicer.swift */,
				225B8E4A29DA030F00EC8A96 /* ArxivPaperServicer.swift */,
			);
			path = APIs;
			sourceTree = "<group>";
		};
		22C2D9AB2970FA350010CBF7 /* Models */ = {
			isa = PBXGroup;
			children = (
				2226C2F929ABA95000B624E7 /* Protocols+Extensions.swift */,
				224AE0962992A39700F3EA17 /* RAIPaperDatabase.swift */,
				22BADD6529748B7E00F6163B /* Constants.swift */,
				224AE08B298F132900F3EA17 /* Wrappers.swift */,
				22BADD632974583200F6163B /* SettingsModel.swift */,
				224AE0922991F33400F3EA17 /* RAISummary.swift */,
				224282E6296A768B00E636DD /* GrobidDecodedPaper.swift */,
				22B566BB298B57DB00332804 /* ParsedPaper.swift */,
				22BADD522972F1F800F6163B /* Paper.swift */,
				227CB958299F183300FF1646 /* Comprehension.swift */,
			);
			path = Models;
			sourceTree = "<group>";
		};
		22C2D9AC2970FA700010CBF7 /* Servicers */ = {
			isa = PBXGroup;
			children = (
				225B8E6929DB013E00EC8A96 /* Sound Manager */,
				22C2D9B02970FB2F0010CBF7 /* Decoder */,
				22BADD672975DF2D00F6163B /* APIs */,
				221F11382972E6EC007C507F /* Storage */,
			);
			path = Servicers;
			sourceTree = "<group>";
		};
		22C2D9AD2970FAD00010CBF7 /* Views */ = {
			isa = PBXGroup;
			children = (
				226EAC0F29B2DCCC002C060D /* Screens */,
			);
			path = Views;
			sourceTree = "<group>";
		};
		22C2D9B02970FB2F0010CBF7 /* Decoder */ = {
			isa = PBXGroup;
			children = (
				224282E4296A743A00E636DD /* PaperDecoder.swift */,
				225B8E4C29DAD48900EC8A96 /* Custom Parser */,
			);
			path = Decoder;
			sourceTree = "<group>";
		};
		22D2FA2A295CB06300D670D0 = {
			isa = PBXGroup;
			children = (
				22D2FA35295CB06400D670D0 /* ResearchAI */,
				22D2FA34295CB06400D670D0 /* Products */,
			);
			sourceTree = "<group>";
		};
		22D2FA34295CB06400D670D0 /* Products */ = {
			isa = PBXGroup;
			children = (
				22D2FA33295CB06400D670D0 /* Paiper.app */,
			);
			name = Products;
			sourceTree = "<group>";
		};
		22D2FA35295CB06400D670D0 /* ResearchAI */ = {
			isa = PBXGroup;
			children = (
				22356A9E299A489100136E90 /* researchpaper1.pdf */,
				22B566BD298B5B5100332804 /* AppState.swift */,
				22D2FA36295CB06400D670D0 /* ResearchAIApp.swift */,
				22C2D9AD2970FAD00010CBF7 /* Views */,
				22C2D9AC2970FA700010CBF7 /* Servicers */,
				226EAC0C29B2D3F6002C060D /* Modifiers */,
				22C2D9AB2970FA350010CBF7 /* Models */,
				224282E02969D4B100E636DD /* Info.plist */,
				225B8E6C29DB02AA00EC8A96 /* ding.mp3 */,
				2256FA29295F6FB600049F51 /* ChatAI */,
				22D2FA3A295CB06400D670D0 /* Assets.xcassets */,
				22D2FA3C295CB06400D670D0 /* Preview Content */,
			);
			path = ResearchAI;
			sourceTree = "<group>";
		};
		22D2FA3C295CB06400D670D0 /* Preview Content */ = {
			isa = PBXGroup;
			children = (
				22D2FA3D295CB06400D670D0 /* Preview Assets.xcassets */,
			);
			path = "Preview Content";
			sourceTree = "<group>";
		};
/* End PBXGroup section */

/* Begin PBXNativeTarget section */
		22D2FA32295CB06300D670D0 /* ResearchAI */ = {
			isa = PBXNativeTarget;
			buildConfigurationList = 22D2FA41295CB06400D670D0 /* Build configuration list for PBXNativeTarget "ResearchAI" */;
			buildPhases = (
				22D2FA2F295CB06300D670D0 /* Sources */,
				22D2FA30295CB06300D670D0 /* Frameworks */,
				22D2FA31295CB06300D670D0 /* Resources */,
			);
			buildRules = (
			);
			dependencies = (
			);
			name = ResearchAI;
			packageProductDependencies = (
				224282DA2969AC2B00E636DD /* XMLParsing */,
				224282DE2969AD6300E636DD /* OpenAISwift */,
				224282E22969DAA200E636DD /* Alamofire */,
			);
			productName = ResearchAI;
			productReference = 22D2FA33295CB06400D670D0 /* Paiper.app */;
			productType = "com.apple.product-type.application";
		};
/* End PBXNativeTarget section */

/* Begin PBXProject section */
		22D2FA2B295CB06300D670D0 /* Project object */ = {
			isa = PBXProject;
			attributes = {
				BuildIndependentTargetsInParallel = 1;
				LastSwiftUpdateCheck = 1340;
				LastUpgradeCheck = 1340;
				TargetAttributes = {
					22D2FA32295CB06300D670D0 = {
						CreatedOnToolsVersion = 13.4.1;
					};
				};
			};
			buildConfigurationList = 22D2FA2E295CB06300D670D0 /* Build configuration list for PBXProject "ResearchAI" */;
			compatibilityVersion = "Xcode 13.0";
			developmentRegion = en;
			hasScannedForEncodings = 0;
			knownRegions = (
				en,
				Base,
			);
			mainGroup = 22D2FA2A295CB06300D670D0;
			packageReferences = (
				224282D92969AC2B00E636DD /* XCRemoteSwiftPackageReference "XMLParsing" */,
				224282DD2969AD6300E636DD /* XCRemoteSwiftPackageReference "OpenAISwift" */,
				224282E12969DAA200E636DD /* XCRemoteSwiftPackageReference "Alamofire" */,
			);
			productRefGroup = 22D2FA34295CB06400D670D0 /* Products */;
			projectDirPath = "";
			projectRoot = "";
			targets = (
				22D2FA32295CB06300D670D0 /* ResearchAI */,
			);
		};
/* End PBXProject section */

/* Begin PBXResourcesBuildPhase section */
		22D2FA31295CB06300D670D0 /* Resources */ = {
			isa = PBXResourcesBuildPhase;
			buildActionMask = 2147483647;
			files = (
				225B8E6D29DB02AA00EC8A96 /* ding.mp3 in Resources */,
				22D2FA3E295CB06400D670D0 /* Preview Assets.xcassets in Resources */,
				22356A9F299A489100136E90 /* researchpaper1.pdf in Resources */,
				22D2FA3B295CB06400D670D0 /* Assets.xcassets in Resources */,
			);
			runOnlyForDeploymentPostprocessing = 0;
		};
/* End PBXResourcesBuildPhase section */

/* Begin PBXSourcesBuildPhase section */
		22D2FA2F295CB06300D670D0 /* Sources */ = {
			isa = PBXSourcesBuildPhase;
			buildActionMask = 2147483647;
			files = (
				226EAC2F29B2EA9E002C060D /* PDFLoadingView.swift in Sources */,
				22D2FA4F295CF8A600D670D0 /* OpenAIServicer.swift in Sources */,
				2242922A2A0E53480054E547 /* ConversationGPT.swift in Sources */,
				2256FA31295F705400049F51 /* AnswersGPT.swift in Sources */,
				22D90A4A29DC3E7000F9726C /* AudioHotLoader.swift in Sources */,
				225B8E4B29DA030F00EC8A96 /* ArxivPaperServicer.swift in Sources */,
				2257CEF72A01401E00B1707F /* PersistanceController.swift in Sources */,
				2257CEF32A01235000B1707F /* CoreStorage.xcdatamodeld in Sources */,
				2256FA34295F705400049F51 /* Recognizer.swift in Sources */,
				226EAC2C29B2E91C002C060D /* SummarizingView.swift in Sources */,
				2256FA32295F705400049F51 /* MessageBubble.swift in Sources */,
				22BADD642974583200F6163B /* SettingsModel.swift in Sources */,
				226EAC1929B2DF1A002C060D /* ArticleRowView.swift in Sources */,
				225B8E6B29DB016A00EC8A96 /* SoundManager.swift in Sources */,
				22BADD6629748B7E00F6163B /* Constants.swift in Sources */,
				226EAC2A29B2E540002C060D /* PaperDownloadManager.swift in Sources */,
				225B8E4129D91A3E00EC8A96 /* TextPresenterView.swift in Sources */,
				2240FC7529B8AD4600BF850A /* PDFViewController.swift in Sources */,
				2226C2FA29ABA95000B624E7 /* Protocols+Extensions.swift in Sources */,
				224AE0972992A39700F3EA17 /* RAIPaperDatabase.swift in Sources */,
				22D90A7D29E040FD00F9726C /* Color.swift in Sources */,
				221F113A2972E710007C507F /* ReadingStorageManager.swift in Sources */,
				2257CEF52A013A4A00B1707F /* NotesEditorViewer.swift in Sources */,
				221F113D2972E84F007C507F /* AppContainer.xcdatamodeld in Sources */,
				224282ED296C22E400E636DD /* AudioControlView.swift in Sources */,
				22BADD5B29741E3800F6163B /* ResearchPaperPDFView.swift in Sources */,
				224282E7296A768B00E636DD /* GrobidDecodedPaper.swift in Sources */,
				2256FA33295F705400049F51 /* TranscriptionDataService.swift in Sources */,
				220ED50429F6B521004D2619 /* ImageExtractor.swift in Sources */,
				224282E9296A93E300E636DD /* ReaderView.swift in Sources */,
				22BADD5929741CAE00F6163B /* SavedPaperPDFView.swift in Sources */,
				22B566BC298B57DB00332804 /* ParsedPaper.swift in Sources */,
				225B8E4E29DAD49E00EC8A96 /* XMLHandler.swift in Sources */,
				2256FA24295E17B200049F51 /* SimplificationView.swift in Sources */,
				2257CED229FD2B0200B1707F /* SavedPaperCellView.swift in Sources */,
				225B8E4729D9BAE700EC8A96 /* OverlayView.swift in Sources */,
				226EAC0E29B2D408002C060D /* View+Modifiers.swift in Sources */,
				224AE0932991F33400F3EA17 /* RAISummary.swift in Sources */,
				2240FC7329B8AC8D00BF850A /* SavedArticlePDFView.swift in Sources */,
				225B8E4929D9C07100EC8A96 /* FrameView.swift in Sources */,
				22259CF529C5D4EE00D08815 /* AudioButton.swift in Sources */,
				225B8E4329D9A89900EC8A96 /* AudioPlayerView.swift in Sources */,
				22D2FA39295CB06400D670D0 /* ResearchPaperListView.swift in Sources */,
				224AE09529926E7200F3EA17 /* RAISummaryView.swift in Sources */,
				2240FCB329C071E100BF850A /* AnnotationEditorView.swift in Sources */,
				2256FA35295F705400049F51 /* SpeakerButton.swift in Sources */,
				22B566BE298B5B5100332804 /* AppState.swift in Sources */,
				22259CF129C5D3F200D08815 /* ForwardButton.swift in Sources */,
				225B8E4529D9AD8300EC8A96 /* MaskingView.swift in Sources */,
				224292282A0E3CE60054E547 /* ConversationStorage.swift in Sources */,
				2242922C2A0E541C0054E547 /* ConversationAndSimplication.swift in Sources */,
				224282E5296A743A00E636DD /* PaperDecoder.swift in Sources */,
				22356A9D299A425500136E90 /* SavedPaperListView.swift in Sources */,
				2256FA20295DDA5200049F51 /* PDFResearchPaperView.swift in Sources */,
				22D2FA37295CB06400D670D0 /* ResearchAIApp.swift in Sources */,
				2256FA36295F705400049F51 /* Speaker.swift in Sources */,
				226EAC4D29B431DD002C060D /* CoreAPIServicer.swift in Sources */,
				2264A7E029DBB43E00825D98 /* ZoomScrollView .swift in Sources */,
				22C2D9AA296FAB010010CBF7 /* SpeechService.swift in Sources */,
				224AE08C298F132900F3EA17 /* Wrappers.swift in Sources */,
				2240FCB529C087F900BF850A /* SimplicationWithAnnotation.swift in Sources */,
				227CB959299F183300FF1646 /* Comprehension.swift in Sources */,
				22BADD532972F1F800F6163B /* Paper.swift in Sources */,
				229C3B3F29C87B0E00ABE6BD /* ReaderViewModel.swift in Sources */,
				22259CF329C5D40F00D08815 /* BackwardButton.swift in Sources */,
				220EA12F29A12DCE00914032 /* LocalFileManager.swift in Sources */,
				2257CED029FBFD5600B1707F /* ReaderPDFViewer.swift in Sources */,
				2257CEF02A01216F00B1707F /* NotesViewer.swift in Sources */,
			);
			runOnlyForDeploymentPostprocessing = 0;
		};
/* End PBXSourcesBuildPhase section */

/* Begin XCBuildConfiguration section */
		22D2FA3F295CB06400D670D0 /* Debug */ = {
			isa = XCBuildConfiguration;
			buildSettings = {
				ALWAYS_SEARCH_USER_PATHS = NO;
				CLANG_ANALYZER_NONNULL = YES;
				CLANG_ANALYZER_NUMBER_OBJECT_CONVERSION = YES_AGGRESSIVE;
				CLANG_CXX_LANGUAGE_STANDARD = "gnu++17";
				CLANG_ENABLE_MODULES = YES;
				CLANG_ENABLE_OBJC_ARC = YES;
				CLANG_ENABLE_OBJC_WEAK = YES;
				CLANG_WARN_BLOCK_CAPTURE_AUTORELEASING = YES;
				CLANG_WARN_BOOL_CONVERSION = YES;
				CLANG_WARN_COMMA = YES;
				CLANG_WARN_CONSTANT_CONVERSION = YES;
				CLANG_WARN_DEPRECATED_OBJC_IMPLEMENTATIONS = YES;
				CLANG_WARN_DIRECT_OBJC_ISA_USAGE = YES_ERROR;
				CLANG_WARN_DOCUMENTATION_COMMENTS = YES;
				CLANG_WARN_EMPTY_BODY = YES;
				CLANG_WARN_ENUM_CONVERSION = YES;
				CLANG_WARN_INFINITE_RECURSION = YES;
				CLANG_WARN_INT_CONVERSION = YES;
				CLANG_WARN_NON_LITERAL_NULL_CONVERSION = YES;
				CLANG_WARN_OBJC_IMPLICIT_RETAIN_SELF = YES;
				CLANG_WARN_OBJC_LITERAL_CONVERSION = YES;
				CLANG_WARN_OBJC_ROOT_CLASS = YES_ERROR;
				CLANG_WARN_QUOTED_INCLUDE_IN_FRAMEWORK_HEADER = YES;
				CLANG_WARN_RANGE_LOOP_ANALYSIS = YES;
				CLANG_WARN_STRICT_PROTOTYPES = YES;
				CLANG_WARN_SUSPICIOUS_MOVE = YES;
				CLANG_WARN_UNGUARDED_AVAILABILITY = YES_AGGRESSIVE;
				CLANG_WARN_UNREACHABLE_CODE = YES;
				CLANG_WARN__DUPLICATE_METHOD_MATCH = YES;
				COPY_PHASE_STRIP = NO;
				DEBUG_INFORMATION_FORMAT = dwarf;
				ENABLE_STRICT_OBJC_MSGSEND = YES;
				ENABLE_TESTABILITY = YES;
				GCC_C_LANGUAGE_STANDARD = gnu11;
				GCC_DYNAMIC_NO_PIC = NO;
				GCC_NO_COMMON_BLOCKS = YES;
				GCC_OPTIMIZATION_LEVEL = 0;
				GCC_PREPROCESSOR_DEFINITIONS = (
					"DEBUG=1",
					"$(inherited)",
				);
				GCC_WARN_64_TO_32_BIT_CONVERSION = YES;
				GCC_WARN_ABOUT_RETURN_TYPE = YES_ERROR;
				GCC_WARN_UNDECLARED_SELECTOR = YES;
				GCC_WARN_UNINITIALIZED_AUTOS = YES_AGGRESSIVE;
				GCC_WARN_UNUSED_FUNCTION = YES;
				GCC_WARN_UNUSED_VARIABLE = YES;
				IPHONEOS_DEPLOYMENT_TARGET = 15.5;
				MTL_ENABLE_DEBUG_INFO = INCLUDE_SOURCE;
				MTL_FAST_MATH = YES;
				ONLY_ACTIVE_ARCH = YES;
				SDKROOT = iphoneos;
				SWIFT_ACTIVE_COMPILATION_CONDITIONS = DEBUG;
				SWIFT_OPTIMIZATION_LEVEL = "-Onone";
			};
			name = Debug;
		};
		22D2FA40295CB06400D670D0 /* Release */ = {
			isa = XCBuildConfiguration;
			buildSettings = {
				ALWAYS_SEARCH_USER_PATHS = NO;
				CLANG_ANALYZER_NONNULL = YES;
				CLANG_ANALYZER_NUMBER_OBJECT_CONVERSION = YES_AGGRESSIVE;
				CLANG_CXX_LANGUAGE_STANDARD = "gnu++17";
				CLANG_ENABLE_MODULES = YES;
				CLANG_ENABLE_OBJC_ARC = YES;
				CLANG_ENABLE_OBJC_WEAK = YES;
				CLANG_WARN_BLOCK_CAPTURE_AUTORELEASING = YES;
				CLANG_WARN_BOOL_CONVERSION = YES;
				CLANG_WARN_COMMA = YES;
				CLANG_WARN_CONSTANT_CONVERSION = YES;
				CLANG_WARN_DEPRECATED_OBJC_IMPLEMENTATIONS = YES;
				CLANG_WARN_DIRECT_OBJC_ISA_USAGE = YES_ERROR;
				CLANG_WARN_DOCUMENTATION_COMMENTS = YES;
				CLANG_WARN_EMPTY_BODY = YES;
				CLANG_WARN_ENUM_CONVERSION = YES;
				CLANG_WARN_INFINITE_RECURSION = YES;
				CLANG_WARN_INT_CONVERSION = YES;
				CLANG_WARN_NON_LITERAL_NULL_CONVERSION = YES;
				CLANG_WARN_OBJC_IMPLICIT_RETAIN_SELF = YES;
				CLANG_WARN_OBJC_LITERAL_CONVERSION = YES;
				CLANG_WARN_OBJC_ROOT_CLASS = YES_ERROR;
				CLANG_WARN_QUOTED_INCLUDE_IN_FRAMEWORK_HEADER = YES;
				CLANG_WARN_RANGE_LOOP_ANALYSIS = YES;
				CLANG_WARN_STRICT_PROTOTYPES = YES;
				CLANG_WARN_SUSPICIOUS_MOVE = YES;
				CLANG_WARN_UNGUARDED_AVAILABILITY = YES_AGGRESSIVE;
				CLANG_WARN_UNREACHABLE_CODE = YES;
				CLANG_WARN__DUPLICATE_METHOD_MATCH = YES;
				COPY_PHASE_STRIP = NO;
				DEBUG_INFORMATION_FORMAT = "dwarf-with-dsym";
				ENABLE_NS_ASSERTIONS = NO;
				ENABLE_STRICT_OBJC_MSGSEND = YES;
				GCC_C_LANGUAGE_STANDARD = gnu11;
				GCC_NO_COMMON_BLOCKS = YES;
				GCC_WARN_64_TO_32_BIT_CONVERSION = YES;
				GCC_WARN_ABOUT_RETURN_TYPE = YES_ERROR;
				GCC_WARN_UNDECLARED_SELECTOR = YES;
				GCC_WARN_UNINITIALIZED_AUTOS = YES_AGGRESSIVE;
				GCC_WARN_UNUSED_FUNCTION = YES;
				GCC_WARN_UNUSED_VARIABLE = YES;
				IPHONEOS_DEPLOYMENT_TARGET = 15.5;
				MTL_ENABLE_DEBUG_INFO = NO;
				MTL_FAST_MATH = YES;
				SDKROOT = iphoneos;
				SWIFT_COMPILATION_MODE = wholemodule;
				SWIFT_OPTIMIZATION_LEVEL = "-O";
				VALIDATE_PRODUCT = YES;
			};
			name = Release;
		};
		22D2FA42295CB06400D670D0 /* Debug */ = {
			isa = XCBuildConfiguration;
			buildSettings = {
				ASSETCATALOG_COMPILER_APPICON_NAME = AppIcon;
				ASSETCATALOG_COMPILER_GLOBAL_ACCENT_COLOR_NAME = AccentColor;
				CODE_SIGN_STYLE = Automatic;
				CURRENT_PROJECT_VERSION = 1;
				DEVELOPMENT_ASSET_PATHS = "\"ResearchAI/Preview Content\"";
				DEVELOPMENT_TEAM = 45MN72G8RH;
				ENABLE_PREVIEWS = YES;
				GENERATE_INFOPLIST_FILE = YES;
				INFOPLIST_FILE = ResearchAI/Info.plist;
				INFOPLIST_KEY_LSApplicationCategoryType = "";
				INFOPLIST_KEY_NSMicrophoneUsageDescription = speech;
				INFOPLIST_KEY_NSSpeechRecognitionUsageDescription = "speech recognize";
				INFOPLIST_KEY_UIApplicationSceneManifest_Generation = YES;
				INFOPLIST_KEY_UIApplicationSupportsIndirectInputEvents = YES;
				INFOPLIST_KEY_UILaunchScreen_Generation = YES;
				INFOPLIST_KEY_UISupportedInterfaceOrientations_iPad = "UIInterfaceOrientationPortrait UIInterfaceOrientationPortraitUpsideDown UIInterfaceOrientationLandscapeLeft UIInterfaceOrientationLandscapeRight";
				INFOPLIST_KEY_UISupportedInterfaceOrientations_iPhone = "UIInterfaceOrientationPortrait UIInterfaceOrientationLandscapeLeft UIInterfaceOrientationLandscapeRight";
				IPHONEOS_DEPLOYMENT_TARGET = 16.2;
				LD_RUNPATH_SEARCH_PATHS = (
					"$(inherited)",
					"@executable_path/Frameworks",
				);
				MARKETING_VERSION = 1.0;
				PRODUCT_BUNDLE_IDENTIFIER = mwc.ResearchAI;
				PRODUCT_NAME = Paiper;
				SWIFT_EMIT_LOC_STRINGS = YES;
				SWIFT_VERSION = 5.0;
				TARGETED_DEVICE_FAMILY = "1,2";
			};
			name = Debug;
		};
		22D2FA43295CB06400D670D0 /* Release */ = {
			isa = XCBuildConfiguration;
			buildSettings = {
				ASSETCATALOG_COMPILER_APPICON_NAME = AppIcon;
				ASSETCATALOG_COMPILER_GLOBAL_ACCENT_COLOR_NAME = AccentColor;
				CODE_SIGN_STYLE = Automatic;
				CURRENT_PROJECT_VERSION = 1;
				DEVELOPMENT_ASSET_PATHS = "\"ResearchAI/Preview Content\"";
				DEVELOPMENT_TEAM = 45MN72G8RH;
				ENABLE_PREVIEWS = YES;
				GENERATE_INFOPLIST_FILE = YES;
				INFOPLIST_FILE = ResearchAI/Info.plist;
				INFOPLIST_KEY_LSApplicationCategoryType = "";
				INFOPLIST_KEY_NSMicrophoneUsageDescription = speech;
				INFOPLIST_KEY_NSSpeechRecognitionUsageDescription = "speech recognize";
				INFOPLIST_KEY_UIApplicationSceneManifest_Generation = YES;
				INFOPLIST_KEY_UIApplicationSupportsIndirectInputEvents = YES;
				INFOPLIST_KEY_UILaunchScreen_Generation = YES;
				INFOPLIST_KEY_UISupportedInterfaceOrientations_iPad = "UIInterfaceOrientationPortrait UIInterfaceOrientationPortraitUpsideDown UIInterfaceOrientationLandscapeLeft UIInterfaceOrientationLandscapeRight";
				INFOPLIST_KEY_UISupportedInterfaceOrientations_iPhone = "UIInterfaceOrientationPortrait UIInterfaceOrientationLandscapeLeft UIInterfaceOrientationLandscapeRight";
				IPHONEOS_DEPLOYMENT_TARGET = 16.2;
				LD_RUNPATH_SEARCH_PATHS = (
					"$(inherited)",
					"@executable_path/Frameworks",
				);
				MARKETING_VERSION = 1.0;
				PRODUCT_BUNDLE_IDENTIFIER = mwc.ResearchAI;
				PRODUCT_NAME = Paiper;
				SWIFT_EMIT_LOC_STRINGS = YES;
				SWIFT_VERSION = 5.0;
				TARGETED_DEVICE_FAMILY = "1,2";
			};
			name = Release;
		};
/* End XCBuildConfiguration section */

/* Begin XCConfigurationList section */
		22D2FA2E295CB06300D670D0 /* Build configuration list for PBXProject "ResearchAI" */ = {
			isa = XCConfigurationList;
			buildConfigurations = (
				22D2FA3F295CB06400D670D0 /* Debug */,
				22D2FA40295CB06400D670D0 /* Release */,
			);
			defaultConfigurationIsVisible = 0;
			defaultConfigurationName = Release;
		};
		22D2FA41295CB06400D670D0 /* Build configuration list for PBXNativeTarget "ResearchAI" */ = {
			isa = XCConfigurationList;
			buildConfigurations = (
				22D2FA42295CB06400D670D0 /* Debug */,
				22D2FA43295CB06400D670D0 /* Release */,
			);
			defaultConfigurationIsVisible = 0;
			defaultConfigurationName = Release;
		};
/* End XCConfigurationList section */

/* Begin XCRemoteSwiftPackageReference section */
		224282D92969AC2B00E636DD /* XCRemoteSwiftPackageReference "XMLParsing" */ = {
			isa = XCRemoteSwiftPackageReference;
			repositoryURL = "https://github.com/MaxDesiatov/XMLParsing";
			requirement = {
				branch = master;
				kind = branch;
			};
		};
		224282DD2969AD6300E636DD /* XCRemoteSwiftPackageReference "OpenAISwift" */ = {
			isa = XCRemoteSwiftPackageReference;
			repositoryURL = "https://github.com/adamrushy/OpenAISwift.git";
			requirement = {
				branch = main;
				kind = branch;
			};
		};
		224282E12969DAA200E636DD /* XCRemoteSwiftPackageReference "Alamofire" */ = {
			isa = XCRemoteSwiftPackageReference;
			repositoryURL = "https://github.com/Alamofire/Alamofire.git";
			requirement = {
				kind = upToNextMajorVersion;
				minimumVersion = 5.0.0;
			};
		};
/* End XCRemoteSwiftPackageReference section */

/* Begin XCSwiftPackageProductDependency section */
		224282DA2969AC2B00E636DD /* XMLParsing */ = {
			isa = XCSwiftPackageProductDependency;
			package = 224282D92969AC2B00E636DD /* XCRemoteSwiftPackageReference "XMLParsing" */;
			productName = XMLParsing;
		};
		224282DE2969AD6300E636DD /* OpenAISwift */ = {
			isa = XCSwiftPackageProductDependency;
			package = 224282DD2969AD6300E636DD /* XCRemoteSwiftPackageReference "OpenAISwift" */;
			productName = OpenAISwift;
		};
		224282E22969DAA200E636DD /* Alamofire */ = {
			isa = XCSwiftPackageProductDependency;
			package = 224282E12969DAA200E636DD /* XCRemoteSwiftPackageReference "Alamofire" */;
			productName = Alamofire;
		};
/* End XCSwiftPackageProductDependency section */

/* Begin XCVersionGroup section */
		221F113B2972E84F007C507F /* AppContainer.xcdatamodeld */ = {
			isa = XCVersionGroup;
			children = (
				221F113C2972E84F007C507F /* AppContainer.xcdatamodel */,
			);
			currentVersion = 221F113C2972E84F007C507F /* AppContainer.xcdatamodel */;
			path = AppContainer.xcdatamodeld;
			sourceTree = "<group>";
			versionGroupType = wrapper.xcdatamodel;
		};
		2257CEF12A01235000B1707F /* CoreStorage.xcdatamodeld */ = {
			isa = XCVersionGroup;
			children = (
				2257CEF22A01235000B1707F /* CoreStorage.xcdatamodel */,
			);
			currentVersion = 2257CEF22A01235000B1707F /* CoreStorage.xcdatamodel */;
			path = CoreStorage.xcdatamodeld;
			sourceTree = "<group>";
			versionGroupType = wrapper.xcdatamodel;
		};
/* End XCVersionGroup section */
	};
	rootObject = 22D2FA2B295CB06300D670D0 /* Project object */;
}
